// !$*UTF8*$!
{
	archiveVersion = 1;
	classes = {
	};
	objectVersion = 50;
	objects = {

/* Begin PBXBuildFile section */
		02322FEE265D775E00374676 /* AppDelegate.swift in Sources */ = {isa = PBXBuildFile; fileRef = 02322FED265D775E00374676 /* AppDelegate.swift */; };
		02322FF0265D775E00374676 /* SceneDelegate.swift in Sources */ = {isa = PBXBuildFile; fileRef = 02322FEF265D775E00374676 /* SceneDelegate.swift */; };
		02322FF2265D775E00374676 /* ViewController.swift in Sources */ = {isa = PBXBuildFile; fileRef = 02322FF1265D775E00374676 /* ViewController.swift */; };
		02322FF5265D775E00374676 /* Main.storyboard in Resources */ = {isa = PBXBuildFile; fileRef = 02322FF3265D775E00374676 /* Main.storyboard */; };
		02322FF7265D775F00374676 /* Assets.xcassets in Resources */ = {isa = PBXBuildFile; fileRef = 02322FF6265D775F00374676 /* Assets.xcassets */; };
		02322FFA265D775F00374676 /* LaunchScreen.storyboard in Resources */ = {isa = PBXBuildFile; fileRef = 02322FF8265D775F00374676 /* LaunchScreen.storyboard */; };
		02323005265D775F00374676 /* NoOneTests.swift in Sources */ = {isa = PBXBuildFile; fileRef = 02323004265D775F00374676 /* NoOneTests.swift */; };
		02323010265D775F00374676 /* NoOneUITests.swift in Sources */ = {isa = PBXBuildFile; fileRef = 0232300F265D775F00374676 /* NoOneUITests.swift */; };
		02323026265D778500374676 /* NoOne1Protocols.swift in Sources */ = {isa = PBXBuildFile; fileRef = 02323021265D778500374676 /* NoOne1Protocols.swift */; };
		02323027265D778500374676 /* NoOne1Presenter.swift in Sources */ = {isa = PBXBuildFile; fileRef = 02323022265D778500374676 /* NoOne1Presenter.swift */; };
		02323028265D778500374676 /* NoOne1WireFrame.swift in Sources */ = {isa = PBXBuildFile; fileRef = 02323023265D778500374676 /* NoOne1WireFrame.swift */; };
		02323029265D778500374676 /* NoOne1Interactor.swift in Sources */ = {isa = PBXBuildFile; fileRef = 02323024265D778500374676 /* NoOne1Interactor.swift */; };
		0232302A265D778500374676 /* NoOne1ViewController.swift in Sources */ = {isa = PBXBuildFile; fileRef = 02323025265D778500374676 /* NoOne1ViewController.swift */; };
		0232303D265D77A200374676 /* NoOne2Protocols.swift in Sources */ = {isa = PBXBuildFile; fileRef = 02323038265D77A200374676 /* NoOne2Protocols.swift */; };
		0232303E265D77A200374676 /* NoOne2Presenter.swift in Sources */ = {isa = PBXBuildFile; fileRef = 02323039265D77A200374676 /* NoOne2Presenter.swift */; };
		0232303F265D77A200374676 /* NoOne2WireFrame.swift in Sources */ = {isa = PBXBuildFile; fileRef = 0232303A265D77A200374676 /* NoOne2WireFrame.swift */; };
		02323040265D77A200374676 /* NoOne2Interactor.swift in Sources */ = {isa = PBXBuildFile; fileRef = 0232303B265D77A200374676 /* NoOne2Interactor.swift */; };
		02323041265D77A200374676 /* NoOne2ViewController.swift in Sources */ = {isa = PBXBuildFile; fileRef = 0232303C265D77A200374676 /* NoOne2ViewController.swift */; };
		0232304B265D77BE00374676 /* NoOne3Protocols.swift in Sources */ = {isa = PBXBuildFile; fileRef = 02323046265D77BE00374676 /* NoOne3Protocols.swift */; };
		0232304C265D77BE00374676 /* NoOne3Presenter.swift in Sources */ = {isa = PBXBuildFile; fileRef = 02323047265D77BE00374676 /* NoOne3Presenter.swift */; };
		0232304D265D77BE00374676 /* NoOne3WireFrame.swift in Sources */ = {isa = PBXBuildFile; fileRef = 02323048265D77BE00374676 /* NoOne3WireFrame.swift */; };
		0232304E265D77BE00374676 /* NoOne3Interactor.swift in Sources */ = {isa = PBXBuildFile; fileRef = 02323049265D77BE00374676 /* NoOne3Interactor.swift */; };
		0232304F265D77BE00374676 /* NoOne3ViewController.swift in Sources */ = {isa = PBXBuildFile; fileRef = 0232304A265D77BE00374676 /* NoOne3ViewController.swift */; };
		02323059265D77CB00374676 /* NoOne4Protocols.swift in Sources */ = {isa = PBXBuildFile; fileRef = 02323054265D77CB00374676 /* NoOne4Protocols.swift */; };
		0232305A265D77CB00374676 /* NoOne4Presenter.swift in Sources */ = {isa = PBXBuildFile; fileRef = 02323055265D77CB00374676 /* NoOne4Presenter.swift */; };
		0232305B265D77CB00374676 /* NoOne4WireFrame.swift in Sources */ = {isa = PBXBuildFile; fileRef = 02323056265D77CB00374676 /* NoOne4WireFrame.swift */; };
		0232305C265D77CB00374676 /* NoOne4Interactor.swift in Sources */ = {isa = PBXBuildFile; fileRef = 02323057265D77CB00374676 /* NoOne4Interactor.swift */; };
		0232305D265D77CB00374676 /* NoOne4ViewController.swift in Sources */ = {isa = PBXBuildFile; fileRef = 02323058265D77CB00374676 /* NoOne4ViewController.swift */; };
		02323067265D77DB00374676 /* NoOne5Protocols.swift in Sources */ = {isa = PBXBuildFile; fileRef = 02323062265D77DB00374676 /* NoOne5Protocols.swift */; };
		02323068265D77DB00374676 /* NoOne5Presenter.swift in Sources */ = {isa = PBXBuildFile; fileRef = 02323063265D77DB00374676 /* NoOne5Presenter.swift */; };
		02323069265D77DB00374676 /* NoOne5WireFrame.swift in Sources */ = {isa = PBXBuildFile; fileRef = 02323064265D77DB00374676 /* NoOne5WireFrame.swift */; };
		0232306A265D77DB00374676 /* NoOne5Interactor.swift in Sources */ = {isa = PBXBuildFile; fileRef = 02323065265D77DB00374676 /* NoOne5Interactor.swift */; };
		0232306B265D77DB00374676 /* NoOne5ViewController.swift in Sources */ = {isa = PBXBuildFile; fileRef = 02323066265D77DB00374676 /* NoOne5ViewController.swift */; };
		02323078265D77F400374676 /* NoOne6Protocols.swift in Sources */ = {isa = PBXBuildFile; fileRef = 02323073265D77F400374676 /* NoOne6Protocols.swift */; };
		02323079265D77F400374676 /* NoOne6Presenter.swift in Sources */ = {isa = PBXBuildFile; fileRef = 02323074265D77F400374676 /* NoOne6Presenter.swift */; };
		0232307A265D77F400374676 /* NoOne6WireFrame.swift in Sources */ = {isa = PBXBuildFile; fileRef = 02323075265D77F400374676 /* NoOne6WireFrame.swift */; };
		0232307B265D77F400374676 /* NoOne6Interactor.swift in Sources */ = {isa = PBXBuildFile; fileRef = 02323076265D77F400374676 /* NoOne6Interactor.swift */; };
		0232307C265D77F400374676 /* NoOne6ViewController.swift in Sources */ = {isa = PBXBuildFile; fileRef = 02323077265D77F400374676 /* NoOne6ViewController.swift */; };
		02323086265D780500374676 /* NoOne7Protocols.swift in Sources */ = {isa = PBXBuildFile; fileRef = 02323081265D780500374676 /* NoOne7Protocols.swift */; };
		02323087265D780500374676 /* NoOne7Presenter.swift in Sources */ = {isa = PBXBuildFile; fileRef = 02323082265D780500374676 /* NoOne7Presenter.swift */; };
		02323088265D780500374676 /* NoOne7WireFrame.swift in Sources */ = {isa = PBXBuildFile; fileRef = 02323083265D780500374676 /* NoOne7WireFrame.swift */; };
		02323089265D780500374676 /* NoOne7Interactor.swift in Sources */ = {isa = PBXBuildFile; fileRef = 02323084265D780500374676 /* NoOne7Interactor.swift */; };
		0232308A265D780500374676 /* NoOne7ViewController.swift in Sources */ = {isa = PBXBuildFile; fileRef = 02323085265D780500374676 /* NoOne7ViewController.swift */; };
		02323094265D781300374676 /* NoOne8Protocols.swift in Sources */ = {isa = PBXBuildFile; fileRef = 0232308F265D781300374676 /* NoOne8Protocols.swift */; };
		02323095265D781300374676 /* NoOne8Presenter.swift in Sources */ = {isa = PBXBuildFile; fileRef = 02323090265D781300374676 /* NoOne8Presenter.swift */; };
		02323096265D781300374676 /* NoOne8WireFrame.swift in Sources */ = {isa = PBXBuildFile; fileRef = 02323091265D781300374676 /* NoOne8WireFrame.swift */; };
		02323097265D781300374676 /* NoOne8Interactor.swift in Sources */ = {isa = PBXBuildFile; fileRef = 02323092265D781300374676 /* NoOne8Interactor.swift */; };
		02323098265D781300374676 /* NoOne8ViewController.swift in Sources */ = {isa = PBXBuildFile; fileRef = 02323093265D781300374676 /* NoOne8ViewController.swift */; };
		023230A2265D782000374676 /* NoOne9Protocols.swift in Sources */ = {isa = PBXBuildFile; fileRef = 0232309D265D782000374676 /* NoOne9Protocols.swift */; };
		023230A3265D782000374676 /* NoOne9Presenter.swift in Sources */ = {isa = PBXBuildFile; fileRef = 0232309E265D782000374676 /* NoOne9Presenter.swift */; };
		023230A4265D782000374676 /* NoOne9WireFrame.swift in Sources */ = {isa = PBXBuildFile; fileRef = 0232309F265D782000374676 /* NoOne9WireFrame.swift */; };
		023230A5265D782000374676 /* NoOne9Interactor.swift in Sources */ = {isa = PBXBuildFile; fileRef = 023230A0265D782000374676 /* NoOne9Interactor.swift */; };
		023230A6265D782000374676 /* NoOne9ViewController.swift in Sources */ = {isa = PBXBuildFile; fileRef = 023230A1265D782000374676 /* NoOne9ViewController.swift */; };
		023230B4265D783100374676 /* NoOne10Protocols.swift in Sources */ = {isa = PBXBuildFile; fileRef = 023230AF265D783100374676 /* NoOne10Protocols.swift */; };
		023230B5265D783100374676 /* NoOne10Presenter.swift in Sources */ = {isa = PBXBuildFile; fileRef = 023230B0265D783100374676 /* NoOne10Presenter.swift */; };
		023230B6265D783100374676 /* NoOne10WireFrame.swift in Sources */ = {isa = PBXBuildFile; fileRef = 023230B1265D783100374676 /* NoOne10WireFrame.swift */; };
		023230B7265D783100374676 /* NoOne10Interactor.swift in Sources */ = {isa = PBXBuildFile; fileRef = 023230B2265D783100374676 /* NoOne10Interactor.swift */; };
		023230B8265D783100374676 /* NoOne10ViewController.swift in Sources */ = {isa = PBXBuildFile; fileRef = 023230B3265D783100374676 /* NoOne10ViewController.swift */; };
		023230C8265D784500374676 /* NoOne11Protocols.swift in Sources */ = {isa = PBXBuildFile; fileRef = 023230C3265D784500374676 /* NoOne11Protocols.swift */; };
		023230C9265D784500374676 /* NoOne11Presenter.swift in Sources */ = {isa = PBXBuildFile; fileRef = 023230C4265D784500374676 /* NoOne11Presenter.swift */; };
		023230CA265D784500374676 /* NoOne11WireFrame.swift in Sources */ = {isa = PBXBuildFile; fileRef = 023230C5265D784500374676 /* NoOne11WireFrame.swift */; };
		023230CB265D784500374676 /* NoOne11Interactor.swift in Sources */ = {isa = PBXBuildFile; fileRef = 023230C6265D784500374676 /* NoOne11Interactor.swift */; };
		023230CC265D784500374676 /* NoOne11ViewController.swift in Sources */ = {isa = PBXBuildFile; fileRef = 023230C7265D784500374676 /* NoOne11ViewController.swift */; };
		023230D9265D785200374676 /* NoOne12Protocols.swift in Sources */ = {isa = PBXBuildFile; fileRef = 023230D4265D785100374676 /* NoOne12Protocols.swift */; };
		023230DA265D785200374676 /* NoOne12Presenter.swift in Sources */ = {isa = PBXBuildFile; fileRef = 023230D5265D785100374676 /* NoOne12Presenter.swift */; };
		023230DB265D785200374676 /* NoOne12WireFrame.swift in Sources */ = {isa = PBXBuildFile; fileRef = 023230D6265D785100374676 /* NoOne12WireFrame.swift */; };
		023230DC265D785200374676 /* NoOne12Interactor.swift in Sources */ = {isa = PBXBuildFile; fileRef = 023230D7265D785100374676 /* NoOne12Interactor.swift */; };
		023230DD265D785200374676 /* NoOne12ViewController.swift in Sources */ = {isa = PBXBuildFile; fileRef = 023230D8265D785100374676 /* NoOne12ViewController.swift */; };
		023230E7265D785D00374676 /* NoOne13Protocols.swift in Sources */ = {isa = PBXBuildFile; fileRef = 023230E2265D785D00374676 /* NoOne13Protocols.swift */; };
		023230E8265D785D00374676 /* NoOne13Presenter.swift in Sources */ = {isa = PBXBuildFile; fileRef = 023230E3265D785D00374676 /* NoOne13Presenter.swift */; };
		023230E9265D785D00374676 /* NoOne13WireFrame.swift in Sources */ = {isa = PBXBuildFile; fileRef = 023230E4265D785D00374676 /* NoOne13WireFrame.swift */; };
		023230EA265D785D00374676 /* NoOne13Interactor.swift in Sources */ = {isa = PBXBuildFile; fileRef = 023230E5265D785D00374676 /* NoOne13Interactor.swift */; };
		023230EB265D785D00374676 /* NoOne13ViewController.swift in Sources */ = {isa = PBXBuildFile; fileRef = 023230E6265D785D00374676 /* NoOne13ViewController.swift */; };
		023230F5265D786800374676 /* NoOne14Protocols.swift in Sources */ = {isa = PBXBuildFile; fileRef = 023230F0265D786800374676 /* NoOne14Protocols.swift */; };
		023230F6265D786800374676 /* NoOne14Presenter.swift in Sources */ = {isa = PBXBuildFile; fileRef = 023230F1265D786800374676 /* NoOne14Presenter.swift */; };
		023230F7265D786800374676 /* NoOne14WireFrame.swift in Sources */ = {isa = PBXBuildFile; fileRef = 023230F2265D786800374676 /* NoOne14WireFrame.swift */; };
		023230F8265D786800374676 /* NoOne14Interactor.swift in Sources */ = {isa = PBXBuildFile; fileRef = 023230F3265D786800374676 /* NoOne14Interactor.swift */; };
		023230F9265D786800374676 /* NoOne14ViewController.swift in Sources */ = {isa = PBXBuildFile; fileRef = 023230F4265D786800374676 /* NoOne14ViewController.swift */; };
		02323106265D787400374676 /* NoOne15Protocols.swift in Sources */ = {isa = PBXBuildFile; fileRef = 02323101265D787400374676 /* NoOne15Protocols.swift */; };
		02323107265D787400374676 /* NoOne15Presenter.swift in Sources */ = {isa = PBXBuildFile; fileRef = 02323102265D787400374676 /* NoOne15Presenter.swift */; };
		02323108265D787400374676 /* NoOne15WireFrame.swift in Sources */ = {isa = PBXBuildFile; fileRef = 02323103265D787400374676 /* NoOne15WireFrame.swift */; };
		02323109265D787400374676 /* NoOne15Interactor.swift in Sources */ = {isa = PBXBuildFile; fileRef = 02323104265D787400374676 /* NoOne15Interactor.swift */; };
		0232310A265D787400374676 /* NoOne15ViewController.swift in Sources */ = {isa = PBXBuildFile; fileRef = 02323105265D787400374676 /* NoOne15ViewController.swift */; };
		02323117265D788000374676 /* NoOne16Protocols.swift in Sources */ = {isa = PBXBuildFile; fileRef = 02323112265D788000374676 /* NoOne16Protocols.swift */; };
		02323118265D788000374676 /* NoOne16Presenter.swift in Sources */ = {isa = PBXBuildFile; fileRef = 02323113265D788000374676 /* NoOne16Presenter.swift */; };
		02323119265D788000374676 /* NoOne16WireFrame.swift in Sources */ = {isa = PBXBuildFile; fileRef = 02323114265D788000374676 /* NoOne16WireFrame.swift */; };
		0232311A265D788000374676 /* NoOne16Interactor.swift in Sources */ = {isa = PBXBuildFile; fileRef = 02323115265D788000374676 /* NoOne16Interactor.swift */; };
		0232311B265D788000374676 /* NoOne16ViewController.swift in Sources */ = {isa = PBXBuildFile; fileRef = 02323116265D788000374676 /* NoOne16ViewController.swift */; };
		02323128265D788F00374676 /* NoOne17Protocols.swift in Sources */ = {isa = PBXBuildFile; fileRef = 02323123265D788F00374676 /* NoOne17Protocols.swift */; };
		02323129265D788F00374676 /* NoOne17Presenter.swift in Sources */ = {isa = PBXBuildFile; fileRef = 02323124265D788F00374676 /* NoOne17Presenter.swift */; };
		0232312A265D788F00374676 /* NoOne17WireFrame.swift in Sources */ = {isa = PBXBuildFile; fileRef = 02323125265D788F00374676 /* NoOne17WireFrame.swift */; };
		0232312B265D788F00374676 /* NoOne17Interactor.swift in Sources */ = {isa = PBXBuildFile; fileRef = 02323126265D788F00374676 /* NoOne17Interactor.swift */; };
		0232312C265D788F00374676 /* NoOne17ViewController.swift in Sources */ = {isa = PBXBuildFile; fileRef = 02323127265D788F00374676 /* NoOne17ViewController.swift */; };
		02323139265D789A00374676 /* NoOne18Protocols.swift in Sources */ = {isa = PBXBuildFile; fileRef = 02323134265D789A00374676 /* NoOne18Protocols.swift */; };
		0232313A265D789A00374676 /* NoOne18Presenter.swift in Sources */ = {isa = PBXBuildFile; fileRef = 02323135265D789A00374676 /* NoOne18Presenter.swift */; };
		0232313B265D789A00374676 /* NoOne18WireFrame.swift in Sources */ = {isa = PBXBuildFile; fileRef = 02323136265D789A00374676 /* NoOne18WireFrame.swift */; };
		0232313C265D789A00374676 /* NoOne18Interactor.swift in Sources */ = {isa = PBXBuildFile; fileRef = 02323137265D789A00374676 /* NoOne18Interactor.swift */; };
		0232313D265D789A00374676 /* NoOne18ViewController.swift in Sources */ = {isa = PBXBuildFile; fileRef = 02323138265D789A00374676 /* NoOne18ViewController.swift */; };
		02323147265D78A300374676 /* NoOne19Protocols.swift in Sources */ = {isa = PBXBuildFile; fileRef = 02323142265D78A300374676 /* NoOne19Protocols.swift */; };
		02323148265D78A300374676 /* NoOne19Presenter.swift in Sources */ = {isa = PBXBuildFile; fileRef = 02323143265D78A300374676 /* NoOne19Presenter.swift */; };
		02323149265D78A300374676 /* NoOne19WireFrame.swift in Sources */ = {isa = PBXBuildFile; fileRef = 02323144265D78A300374676 /* NoOne19WireFrame.swift */; };
		0232314A265D78A300374676 /* NoOne19Interactor.swift in Sources */ = {isa = PBXBuildFile; fileRef = 02323145265D78A300374676 /* NoOne19Interactor.swift */; };
		0232314B265D78A300374676 /* NoOne19ViewController.swift in Sources */ = {isa = PBXBuildFile; fileRef = 02323146265D78A300374676 /* NoOne19ViewController.swift */; };
		02323158265D78B000374676 /* NoOne20Protocols.swift in Sources */ = {isa = PBXBuildFile; fileRef = 02323153265D78B000374676 /* NoOne20Protocols.swift */; };
		02323159265D78B000374676 /* NoOne20Presenter.swift in Sources */ = {isa = PBXBuildFile; fileRef = 02323154265D78B000374676 /* NoOne20Presenter.swift */; };
		0232315A265D78B000374676 /* NoOne20WireFrame.swift in Sources */ = {isa = PBXBuildFile; fileRef = 02323155265D78B000374676 /* NoOne20WireFrame.swift */; };
		0232315B265D78B000374676 /* NoOne20Interactor.swift in Sources */ = {isa = PBXBuildFile; fileRef = 02323156265D78B000374676 /* NoOne20Interactor.swift */; };
		0232315C265D78B000374676 /* NoOne20ViewController.swift in Sources */ = {isa = PBXBuildFile; fileRef = 02323157265D78B000374676 /* NoOne20ViewController.swift */; };
		0232316F265D78D200374676 /* NoOne21Protocols.swift in Sources */ = {isa = PBXBuildFile; fileRef = 0232316A265D78D200374676 /* NoOne21Protocols.swift */; };
		02323170265D78D200374676 /* NoOne21Presenter.swift in Sources */ = {isa = PBXBuildFile; fileRef = 0232316B265D78D200374676 /* NoOne21Presenter.swift */; };
		02323171265D78D200374676 /* NoOne21WireFrame.swift in Sources */ = {isa = PBXBuildFile; fileRef = 0232316C265D78D200374676 /* NoOne21WireFrame.swift */; };
		02323172265D78D200374676 /* NoOne21Interactor.swift in Sources */ = {isa = PBXBuildFile; fileRef = 0232316D265D78D200374676 /* NoOne21Interactor.swift */; };
		02323173265D78D200374676 /* NoOne21ViewController.swift in Sources */ = {isa = PBXBuildFile; fileRef = 0232316E265D78D200374676 /* NoOne21ViewController.swift */; };
		02323180265D78DD00374676 /* NoOne22Protocols.swift in Sources */ = {isa = PBXBuildFile; fileRef = 0232317B265D78DD00374676 /* NoOne22Protocols.swift */; };
		02323181265D78DD00374676 /* NoOne22Presenter.swift in Sources */ = {isa = PBXBuildFile; fileRef = 0232317C265D78DD00374676 /* NoOne22Presenter.swift */; };
		02323182265D78DD00374676 /* NoOne22WireFrame.swift in Sources */ = {isa = PBXBuildFile; fileRef = 0232317D265D78DD00374676 /* NoOne22WireFrame.swift */; };
		02323183265D78DD00374676 /* NoOne22Interactor.swift in Sources */ = {isa = PBXBuildFile; fileRef = 0232317E265D78DD00374676 /* NoOne22Interactor.swift */; };
		02323184265D78DD00374676 /* NoOne22ViewController.swift in Sources */ = {isa = PBXBuildFile; fileRef = 0232317F265D78DD00374676 /* NoOne22ViewController.swift */; };
		0232318E265D78E800374676 /* NoOne23Protocols.swift in Sources */ = {isa = PBXBuildFile; fileRef = 02323189265D78E800374676 /* NoOne23Protocols.swift */; };
		0232318F265D78E800374676 /* NoOne23Presenter.swift in Sources */ = {isa = PBXBuildFile; fileRef = 0232318A265D78E800374676 /* NoOne23Presenter.swift */; };
		02323190265D78E800374676 /* NoOne23WireFrame.swift in Sources */ = {isa = PBXBuildFile; fileRef = 0232318B265D78E800374676 /* NoOne23WireFrame.swift */; };
		02323191265D78E800374676 /* NoOne23Interactor.swift in Sources */ = {isa = PBXBuildFile; fileRef = 0232318C265D78E800374676 /* NoOne23Interactor.swift */; };
		02323192265D78E800374676 /* NoOne23ViewController.swift in Sources */ = {isa = PBXBuildFile; fileRef = 0232318D265D78E800374676 /* NoOne23ViewController.swift */; };
		0232319C265D78F100374676 /* NoOne24Protocols.swift in Sources */ = {isa = PBXBuildFile; fileRef = 02323197265D78F100374676 /* NoOne24Protocols.swift */; };
		0232319D265D78F100374676 /* NoOne24Presenter.swift in Sources */ = {isa = PBXBuildFile; fileRef = 02323198265D78F100374676 /* NoOne24Presenter.swift */; };
		0232319E265D78F100374676 /* NoOne24WireFrame.swift in Sources */ = {isa = PBXBuildFile; fileRef = 02323199265D78F100374676 /* NoOne24WireFrame.swift */; };
		0232319F265D78F100374676 /* NoOne24Interactor.swift in Sources */ = {isa = PBXBuildFile; fileRef = 0232319A265D78F100374676 /* NoOne24Interactor.swift */; };
		023231A0265D78F100374676 /* NoOne24ViewController.swift in Sources */ = {isa = PBXBuildFile; fileRef = 0232319B265D78F100374676 /* NoOne24ViewController.swift */; };
		023231AD265D78FC00374676 /* NoOne25Protocols.swift in Sources */ = {isa = PBXBuildFile; fileRef = 023231A8265D78FC00374676 /* NoOne25Protocols.swift */; };
		023231AE265D78FC00374676 /* NoOne25Presenter.swift in Sources */ = {isa = PBXBuildFile; fileRef = 023231A9265D78FC00374676 /* NoOne25Presenter.swift */; };
		023231AF265D78FC00374676 /* NoOne25WireFrame.swift in Sources */ = {isa = PBXBuildFile; fileRef = 023231AA265D78FC00374676 /* NoOne25WireFrame.swift */; };
		023231B0265D78FC00374676 /* NoOne25Interactor.swift in Sources */ = {isa = PBXBuildFile; fileRef = 023231AB265D78FC00374676 /* NoOne25Interactor.swift */; };
		023231B1265D78FC00374676 /* NoOne25ViewController.swift in Sources */ = {isa = PBXBuildFile; fileRef = 023231AC265D78FC00374676 /* NoOne25ViewController.swift */; };
		023231BE265D790600374676 /* NoOne26Protocols.swift in Sources */ = {isa = PBXBuildFile; fileRef = 023231B9265D790600374676 /* NoOne26Protocols.swift */; };
		023231BF265D790600374676 /* NoOne26Presenter.swift in Sources */ = {isa = PBXBuildFile; fileRef = 023231BA265D790600374676 /* NoOne26Presenter.swift */; };
		023231C0265D790600374676 /* NoOne26WireFrame.swift in Sources */ = {isa = PBXBuildFile; fileRef = 023231BB265D790600374676 /* NoOne26WireFrame.swift */; };
		023231C1265D790600374676 /* NoOne26Interactor.swift in Sources */ = {isa = PBXBuildFile; fileRef = 023231BC265D790600374676 /* NoOne26Interactor.swift */; };
		023231C2265D790600374676 /* NoOne26ViewController.swift in Sources */ = {isa = PBXBuildFile; fileRef = 023231BD265D790600374676 /* NoOne26ViewController.swift */; };
		023231CF265D791300374676 /* NoOne27Protocols.swift in Sources */ = {isa = PBXBuildFile; fileRef = 023231CA265D791300374676 /* NoOne27Protocols.swift */; };
		023231D0265D791300374676 /* NoOne27Presenter.swift in Sources */ = {isa = PBXBuildFile; fileRef = 023231CB265D791300374676 /* NoOne27Presenter.swift */; };
		023231D1265D791300374676 /* NoOne27WireFrame.swift in Sources */ = {isa = PBXBuildFile; fileRef = 023231CC265D791300374676 /* NoOne27WireFrame.swift */; };
		023231D2265D791300374676 /* NoOne27Interactor.swift in Sources */ = {isa = PBXBuildFile; fileRef = 023231CD265D791300374676 /* NoOne27Interactor.swift */; };
		023231D3265D791300374676 /* NoOne27ViewController.swift in Sources */ = {isa = PBXBuildFile; fileRef = 023231CE265D791300374676 /* NoOne27ViewController.swift */; };
		023231E0265D792000374676 /* NoOne28Protocols.swift in Sources */ = {isa = PBXBuildFile; fileRef = 023231DB265D792000374676 /* NoOne28Protocols.swift */; };
		023231E1265D792000374676 /* NoOne28Presenter.swift in Sources */ = {isa = PBXBuildFile; fileRef = 023231DC265D792000374676 /* NoOne28Presenter.swift */; };
		023231E2265D792000374676 /* NoOne28WireFrame.swift in Sources */ = {isa = PBXBuildFile; fileRef = 023231DD265D792000374676 /* NoOne28WireFrame.swift */; };
		023231E3265D792000374676 /* NoOne28Interactor.swift in Sources */ = {isa = PBXBuildFile; fileRef = 023231DE265D792000374676 /* NoOne28Interactor.swift */; };
		023231E4265D792000374676 /* NoOne28ViewController.swift in Sources */ = {isa = PBXBuildFile; fileRef = 023231DF265D792000374676 /* NoOne28ViewController.swift */; };
		023231F1265D792C00374676 /* NoOne29Protocols.swift in Sources */ = {isa = PBXBuildFile; fileRef = 023231EC265D792C00374676 /* NoOne29Protocols.swift */; };
		023231F2265D792C00374676 /* NoOne29Presenter.swift in Sources */ = {isa = PBXBuildFile; fileRef = 023231ED265D792C00374676 /* NoOne29Presenter.swift */; };
		023231F3265D792C00374676 /* NoOne29WireFrame.swift in Sources */ = {isa = PBXBuildFile; fileRef = 023231EE265D792C00374676 /* NoOne29WireFrame.swift */; };
		023231F4265D792C00374676 /* NoOne29Interactor.swift in Sources */ = {isa = PBXBuildFile; fileRef = 023231EF265D792C00374676 /* NoOne29Interactor.swift */; };
		023231F5265D792C00374676 /* NoOne29ViewController.swift in Sources */ = {isa = PBXBuildFile; fileRef = 023231F0265D792C00374676 /* NoOne29ViewController.swift */; };
		023231FF265D793A00374676 /* NoOne31Protocols.swift in Sources */ = {isa = PBXBuildFile; fileRef = 023231FA265D793A00374676 /* NoOne31Protocols.swift */; };
		02323200265D793A00374676 /* NoOne31Presenter.swift in Sources */ = {isa = PBXBuildFile; fileRef = 023231FB265D793A00374676 /* NoOne31Presenter.swift */; };
		02323201265D793A00374676 /* NoOne31WireFrame.swift in Sources */ = {isa = PBXBuildFile; fileRef = 023231FC265D793A00374676 /* NoOne31WireFrame.swift */; };
		02323202265D793A00374676 /* NoOne31Interactor.swift in Sources */ = {isa = PBXBuildFile; fileRef = 023231FD265D793A00374676 /* NoOne31Interactor.swift */; };
		02323203265D793A00374676 /* NoOne31ViewController.swift in Sources */ = {isa = PBXBuildFile; fileRef = 023231FE265D793A00374676 /* NoOne31ViewController.swift */; };
/* End PBXBuildFile section */

/* Begin PBXContainerItemProxy section */
		02323001265D775F00374676 /* PBXContainerItemProxy */ = {
			isa = PBXContainerItemProxy;
			containerPortal = 02322FE2265D775E00374676 /* Project object */;
			proxyType = 1;
			remoteGlobalIDString = 02322FE9265D775E00374676;
			remoteInfo = NoOne;
		};
		0232300C265D775F00374676 /* PBXContainerItemProxy */ = {
			isa = PBXContainerItemProxy;
			containerPortal = 02322FE2265D775E00374676 /* Project object */;
			proxyType = 1;
			remoteGlobalIDString = 02322FE9265D775E00374676;
			remoteInfo = NoOne;
		};
/* End PBXContainerItemProxy section */

/* Begin PBXFileReference section */
		02322FEA265D775E00374676 /* NoOne.app */ = {isa = PBXFileReference; explicitFileType = wrapper.application; includeInIndex = 0; path = NoOne.app; sourceTree = BUILT_PRODUCTS_DIR; };
		02322FED265D775E00374676 /* AppDelegate.swift */ = {isa = PBXFileReference; lastKnownFileType = sourcecode.swift; path = AppDelegate.swift; sourceTree = "<group>"; };
		02322FEF265D775E00374676 /* SceneDelegate.swift */ = {isa = PBXFileReference; lastKnownFileType = sourcecode.swift; path = SceneDelegate.swift; sourceTree = "<group>"; };
		02322FF1265D775E00374676 /* ViewController.swift */ = {isa = PBXFileReference; lastKnownFileType = sourcecode.swift; path = ViewController.swift; sourceTree = "<group>"; };
		02322FF4265D775E00374676 /* Base */ = {isa = PBXFileReference; lastKnownFileType = file.storyboard; name = Base; path = Base.lproj/Main.storyboard; sourceTree = "<group>"; };
		02322FF6265D775F00374676 /* Assets.xcassets */ = {isa = PBXFileReference; lastKnownFileType = folder.assetcatalog; path = Assets.xcassets; sourceTree = "<group>"; };
		02322FF9265D775F00374676 /* Base */ = {isa = PBXFileReference; lastKnownFileType = file.storyboard; name = Base; path = Base.lproj/LaunchScreen.storyboard; sourceTree = "<group>"; };
		02322FFB265D775F00374676 /* Info.plist */ = {isa = PBXFileReference; lastKnownFileType = text.plist.xml; path = Info.plist; sourceTree = "<group>"; };
		02323000265D775F00374676 /* NoOneTests.xctest */ = {isa = PBXFileReference; explicitFileType = wrapper.cfbundle; includeInIndex = 0; path = NoOneTests.xctest; sourceTree = BUILT_PRODUCTS_DIR; };
		02323004265D775F00374676 /* NoOneTests.swift */ = {isa = PBXFileReference; lastKnownFileType = sourcecode.swift; path = NoOneTests.swift; sourceTree = "<group>"; };
		02323006265D775F00374676 /* Info.plist */ = {isa = PBXFileReference; lastKnownFileType = text.plist.xml; path = Info.plist; sourceTree = "<group>"; };
		0232300B265D775F00374676 /* NoOneUITests.xctest */ = {isa = PBXFileReference; explicitFileType = wrapper.cfbundle; includeInIndex = 0; path = NoOneUITests.xctest; sourceTree = BUILT_PRODUCTS_DIR; };
		0232300F265D775F00374676 /* NoOneUITests.swift */ = {isa = PBXFileReference; lastKnownFileType = sourcecode.swift; path = NoOneUITests.swift; sourceTree = "<group>"; };
		02323011265D775F00374676 /* Info.plist */ = {isa = PBXFileReference; lastKnownFileType = text.plist.xml; path = Info.plist; sourceTree = "<group>"; };
		02323021265D778500374676 /* NoOne1Protocols.swift */ = {isa = PBXFileReference; lastKnownFileType = sourcecode.swift; path = NoOne1Protocols.swift; sourceTree = "<group>"; };
		02323022265D778500374676 /* NoOne1Presenter.swift */ = {isa = PBXFileReference; lastKnownFileType = sourcecode.swift; path = NoOne1Presenter.swift; sourceTree = "<group>"; };
		02323023265D778500374676 /* NoOne1WireFrame.swift */ = {isa = PBXFileReference; lastKnownFileType = sourcecode.swift; path = NoOne1WireFrame.swift; sourceTree = "<group>"; };
		02323024265D778500374676 /* NoOne1Interactor.swift */ = {isa = PBXFileReference; lastKnownFileType = sourcecode.swift; path = NoOne1Interactor.swift; sourceTree = "<group>"; };
		02323025265D778500374676 /* NoOne1ViewController.swift */ = {isa = PBXFileReference; lastKnownFileType = sourcecode.swift; path = NoOne1ViewController.swift; sourceTree = "<group>"; };
		02323038265D77A200374676 /* NoOne2Protocols.swift */ = {isa = PBXFileReference; lastKnownFileType = sourcecode.swift; path = NoOne2Protocols.swift; sourceTree = "<group>"; };
		02323039265D77A200374676 /* NoOne2Presenter.swift */ = {isa = PBXFileReference; lastKnownFileType = sourcecode.swift; path = NoOne2Presenter.swift; sourceTree = "<group>"; };
		0232303A265D77A200374676 /* NoOne2WireFrame.swift */ = {isa = PBXFileReference; lastKnownFileType = sourcecode.swift; path = NoOne2WireFrame.swift; sourceTree = "<group>"; };
		0232303B265D77A200374676 /* NoOne2Interactor.swift */ = {isa = PBXFileReference; lastKnownFileType = sourcecode.swift; path = NoOne2Interactor.swift; sourceTree = "<group>"; };
		0232303C265D77A200374676 /* NoOne2ViewController.swift */ = {isa = PBXFileReference; lastKnownFileType = sourcecode.swift; path = NoOne2ViewController.swift; sourceTree = "<group>"; };
		02323046265D77BE00374676 /* NoOne3Protocols.swift */ = {isa = PBXFileReference; lastKnownFileType = sourcecode.swift; path = NoOne3Protocols.swift; sourceTree = "<group>"; };
		02323047265D77BE00374676 /* NoOne3Presenter.swift */ = {isa = PBXFileReference; lastKnownFileType = sourcecode.swift; path = NoOne3Presenter.swift; sourceTree = "<group>"; };
		02323048265D77BE00374676 /* NoOne3WireFrame.swift */ = {isa = PBXFileReference; lastKnownFileType = sourcecode.swift; path = NoOne3WireFrame.swift; sourceTree = "<group>"; };
		02323049265D77BE00374676 /* NoOne3Interactor.swift */ = {isa = PBXFileReference; lastKnownFileType = sourcecode.swift; path = NoOne3Interactor.swift; sourceTree = "<group>"; };
		0232304A265D77BE00374676 /* NoOne3ViewController.swift */ = {isa = PBXFileReference; lastKnownFileType = sourcecode.swift; path = NoOne3ViewController.swift; sourceTree = "<group>"; };
		02323054265D77CB00374676 /* NoOne4Protocols.swift */ = {isa = PBXFileReference; lastKnownFileType = sourcecode.swift; path = NoOne4Protocols.swift; sourceTree = "<group>"; };
		02323055265D77CB00374676 /* NoOne4Presenter.swift */ = {isa = PBXFileReference; lastKnownFileType = sourcecode.swift; path = NoOne4Presenter.swift; sourceTree = "<group>"; };
		02323056265D77CB00374676 /* NoOne4WireFrame.swift */ = {isa = PBXFileReference; lastKnownFileType = sourcecode.swift; path = NoOne4WireFrame.swift; sourceTree = "<group>"; };
		02323057265D77CB00374676 /* NoOne4Interactor.swift */ = {isa = PBXFileReference; lastKnownFileType = sourcecode.swift; path = NoOne4Interactor.swift; sourceTree = "<group>"; };
		02323058265D77CB00374676 /* NoOne4ViewController.swift */ = {isa = PBXFileReference; lastKnownFileType = sourcecode.swift; path = NoOne4ViewController.swift; sourceTree = "<group>"; };
		02323062265D77DB00374676 /* NoOne5Protocols.swift */ = {isa = PBXFileReference; lastKnownFileType = sourcecode.swift; path = NoOne5Protocols.swift; sourceTree = "<group>"; };
		02323063265D77DB00374676 /* NoOne5Presenter.swift */ = {isa = PBXFileReference; lastKnownFileType = sourcecode.swift; path = NoOne5Presenter.swift; sourceTree = "<group>"; };
		02323064265D77DB00374676 /* NoOne5WireFrame.swift */ = {isa = PBXFileReference; lastKnownFileType = sourcecode.swift; path = NoOne5WireFrame.swift; sourceTree = "<group>"; };
		02323065265D77DB00374676 /* NoOne5Interactor.swift */ = {isa = PBXFileReference; lastKnownFileType = sourcecode.swift; path = NoOne5Interactor.swift; sourceTree = "<group>"; };
		02323066265D77DB00374676 /* NoOne5ViewController.swift */ = {isa = PBXFileReference; lastKnownFileType = sourcecode.swift; path = NoOne5ViewController.swift; sourceTree = "<group>"; };
		02323073265D77F400374676 /* NoOne6Protocols.swift */ = {isa = PBXFileReference; lastKnownFileType = sourcecode.swift; path = NoOne6Protocols.swift; sourceTree = "<group>"; };
		02323074265D77F400374676 /* NoOne6Presenter.swift */ = {isa = PBXFileReference; lastKnownFileType = sourcecode.swift; path = NoOne6Presenter.swift; sourceTree = "<group>"; };
		02323075265D77F400374676 /* NoOne6WireFrame.swift */ = {isa = PBXFileReference; lastKnownFileType = sourcecode.swift; path = NoOne6WireFrame.swift; sourceTree = "<group>"; };
		02323076265D77F400374676 /* NoOne6Interactor.swift */ = {isa = PBXFileReference; lastKnownFileType = sourcecode.swift; path = NoOne6Interactor.swift; sourceTree = "<group>"; };
		02323077265D77F400374676 /* NoOne6ViewController.swift */ = {isa = PBXFileReference; lastKnownFileType = sourcecode.swift; path = NoOne6ViewController.swift; sourceTree = "<group>"; };
		02323081265D780500374676 /* NoOne7Protocols.swift */ = {isa = PBXFileReference; lastKnownFileType = sourcecode.swift; path = NoOne7Protocols.swift; sourceTree = "<group>"; };
		02323082265D780500374676 /* NoOne7Presenter.swift */ = {isa = PBXFileReference; lastKnownFileType = sourcecode.swift; path = NoOne7Presenter.swift; sourceTree = "<group>"; };
		02323083265D780500374676 /* NoOne7WireFrame.swift */ = {isa = PBXFileReference; lastKnownFileType = sourcecode.swift; path = NoOne7WireFrame.swift; sourceTree = "<group>"; };
		02323084265D780500374676 /* NoOne7Interactor.swift */ = {isa = PBXFileReference; lastKnownFileType = sourcecode.swift; path = NoOne7Interactor.swift; sourceTree = "<group>"; };
		02323085265D780500374676 /* NoOne7ViewController.swift */ = {isa = PBXFileReference; lastKnownFileType = sourcecode.swift; path = NoOne7ViewController.swift; sourceTree = "<group>"; };
		0232308F265D781300374676 /* NoOne8Protocols.swift */ = {isa = PBXFileReference; lastKnownFileType = sourcecode.swift; path = NoOne8Protocols.swift; sourceTree = "<group>"; };
		02323090265D781300374676 /* NoOne8Presenter.swift */ = {isa = PBXFileReference; lastKnownFileType = sourcecode.swift; path = NoOne8Presenter.swift; sourceTree = "<group>"; };
		02323091265D781300374676 /* NoOne8WireFrame.swift */ = {isa = PBXFileReference; lastKnownFileType = sourcecode.swift; path = NoOne8WireFrame.swift; sourceTree = "<group>"; };
		02323092265D781300374676 /* NoOne8Interactor.swift */ = {isa = PBXFileReference; lastKnownFileType = sourcecode.swift; path = NoOne8Interactor.swift; sourceTree = "<group>"; };
		02323093265D781300374676 /* NoOne8ViewController.swift */ = {isa = PBXFileReference; lastKnownFileType = sourcecode.swift; path = NoOne8ViewController.swift; sourceTree = "<group>"; };
		0232309D265D782000374676 /* NoOne9Protocols.swift */ = {isa = PBXFileReference; lastKnownFileType = sourcecode.swift; path = NoOne9Protocols.swift; sourceTree = "<group>"; };
		0232309E265D782000374676 /* NoOne9Presenter.swift */ = {isa = PBXFileReference; lastKnownFileType = sourcecode.swift; path = NoOne9Presenter.swift; sourceTree = "<group>"; };
		0232309F265D782000374676 /* NoOne9WireFrame.swift */ = {isa = PBXFileReference; lastKnownFileType = sourcecode.swift; path = NoOne9WireFrame.swift; sourceTree = "<group>"; };
		023230A0265D782000374676 /* NoOne9Interactor.swift */ = {isa = PBXFileReference; lastKnownFileType = sourcecode.swift; path = NoOne9Interactor.swift; sourceTree = "<group>"; };
		023230A1265D782000374676 /* NoOne9ViewController.swift */ = {isa = PBXFileReference; lastKnownFileType = sourcecode.swift; path = NoOne9ViewController.swift; sourceTree = "<group>"; };
		023230AF265D783100374676 /* NoOne10Protocols.swift */ = {isa = PBXFileReference; lastKnownFileType = sourcecode.swift; path = NoOne10Protocols.swift; sourceTree = "<group>"; };
		023230B0265D783100374676 /* NoOne10Presenter.swift */ = {isa = PBXFileReference; lastKnownFileType = sourcecode.swift; path = NoOne10Presenter.swift; sourceTree = "<group>"; };
		023230B1265D783100374676 /* NoOne10WireFrame.swift */ = {isa = PBXFileReference; lastKnownFileType = sourcecode.swift; path = NoOne10WireFrame.swift; sourceTree = "<group>"; };
		023230B2265D783100374676 /* NoOne10Interactor.swift */ = {isa = PBXFileReference; lastKnownFileType = sourcecode.swift; path = NoOne10Interactor.swift; sourceTree = "<group>"; };
		023230B3265D783100374676 /* NoOne10ViewController.swift */ = {isa = PBXFileReference; lastKnownFileType = sourcecode.swift; path = NoOne10ViewController.swift; sourceTree = "<group>"; };
		023230C3265D784500374676 /* NoOne11Protocols.swift */ = {isa = PBXFileReference; lastKnownFileType = sourcecode.swift; path = NoOne11Protocols.swift; sourceTree = "<group>"; };
		023230C4265D784500374676 /* NoOne11Presenter.swift */ = {isa = PBXFileReference; lastKnownFileType = sourcecode.swift; path = NoOne11Presenter.swift; sourceTree = "<group>"; };
		023230C5265D784500374676 /* NoOne11WireFrame.swift */ = {isa = PBXFileReference; lastKnownFileType = sourcecode.swift; path = NoOne11WireFrame.swift; sourceTree = "<group>"; };
		023230C6265D784500374676 /* NoOne11Interactor.swift */ = {isa = PBXFileReference; lastKnownFileType = sourcecode.swift; path = NoOne11Interactor.swift; sourceTree = "<group>"; };
		023230C7265D784500374676 /* NoOne11ViewController.swift */ = {isa = PBXFileReference; lastKnownFileType = sourcecode.swift; path = NoOne11ViewController.swift; sourceTree = "<group>"; };
		023230D4265D785100374676 /* NoOne12Protocols.swift */ = {isa = PBXFileReference; lastKnownFileType = sourcecode.swift; path = NoOne12Protocols.swift; sourceTree = "<group>"; };
		023230D5265D785100374676 /* NoOne12Presenter.swift */ = {isa = PBXFileReference; lastKnownFileType = sourcecode.swift; path = NoOne12Presenter.swift; sourceTree = "<group>"; };
		023230D6265D785100374676 /* NoOne12WireFrame.swift */ = {isa = PBXFileReference; lastKnownFileType = sourcecode.swift; path = NoOne12WireFrame.swift; sourceTree = "<group>"; };
		023230D7265D785100374676 /* NoOne12Interactor.swift */ = {isa = PBXFileReference; lastKnownFileType = sourcecode.swift; path = NoOne12Interactor.swift; sourceTree = "<group>"; };
		023230D8265D785100374676 /* NoOne12ViewController.swift */ = {isa = PBXFileReference; lastKnownFileType = sourcecode.swift; path = NoOne12ViewController.swift; sourceTree = "<group>"; };
		023230E2265D785D00374676 /* NoOne13Protocols.swift */ = {isa = PBXFileReference; lastKnownFileType = sourcecode.swift; path = NoOne13Protocols.swift; sourceTree = "<group>"; };
		023230E3265D785D00374676 /* NoOne13Presenter.swift */ = {isa = PBXFileReference; lastKnownFileType = sourcecode.swift; path = NoOne13Presenter.swift; sourceTree = "<group>"; };
		023230E4265D785D00374676 /* NoOne13WireFrame.swift */ = {isa = PBXFileReference; lastKnownFileType = sourcecode.swift; path = NoOne13WireFrame.swift; sourceTree = "<group>"; };
		023230E5265D785D00374676 /* NoOne13Interactor.swift */ = {isa = PBXFileReference; lastKnownFileType = sourcecode.swift; path = NoOne13Interactor.swift; sourceTree = "<group>"; };
		023230E6265D785D00374676 /* NoOne13ViewController.swift */ = {isa = PBXFileReference; lastKnownFileType = sourcecode.swift; path = NoOne13ViewController.swift; sourceTree = "<group>"; };
		023230F0265D786800374676 /* NoOne14Protocols.swift */ = {isa = PBXFileReference; lastKnownFileType = sourcecode.swift; path = NoOne14Protocols.swift; sourceTree = "<group>"; };
		023230F1265D786800374676 /* NoOne14Presenter.swift */ = {isa = PBXFileReference; lastKnownFileType = sourcecode.swift; path = NoOne14Presenter.swift; sourceTree = "<group>"; };
		023230F2265D786800374676 /* NoOne14WireFrame.swift */ = {isa = PBXFileReference; lastKnownFileType = sourcecode.swift; path = NoOne14WireFrame.swift; sourceTree = "<group>"; };
		023230F3265D786800374676 /* NoOne14Interactor.swift */ = {isa = PBXFileReference; lastKnownFileType = sourcecode.swift; path = NoOne14Interactor.swift; sourceTree = "<group>"; };
		023230F4265D786800374676 /* NoOne14ViewController.swift */ = {isa = PBXFileReference; lastKnownFileType = sourcecode.swift; path = NoOne14ViewController.swift; sourceTree = "<group>"; };
		02323101265D787400374676 /* NoOne15Protocols.swift */ = {isa = PBXFileReference; lastKnownFileType = sourcecode.swift; path = NoOne15Protocols.swift; sourceTree = "<group>"; };
		02323102265D787400374676 /* NoOne15Presenter.swift */ = {isa = PBXFileReference; lastKnownFileType = sourcecode.swift; path = NoOne15Presenter.swift; sourceTree = "<group>"; };
		02323103265D787400374676 /* NoOne15WireFrame.swift */ = {isa = PBXFileReference; lastKnownFileType = sourcecode.swift; path = NoOne15WireFrame.swift; sourceTree = "<group>"; };
		02323104265D787400374676 /* NoOne15Interactor.swift */ = {isa = PBXFileReference; lastKnownFileType = sourcecode.swift; path = NoOne15Interactor.swift; sourceTree = "<group>"; };
		02323105265D787400374676 /* NoOne15ViewController.swift */ = {isa = PBXFileReference; lastKnownFileType = sourcecode.swift; path = NoOne15ViewController.swift; sourceTree = "<group>"; };
		02323112265D788000374676 /* NoOne16Protocols.swift */ = {isa = PBXFileReference; lastKnownFileType = sourcecode.swift; path = NoOne16Protocols.swift; sourceTree = "<group>"; };
		02323113265D788000374676 /* NoOne16Presenter.swift */ = {isa = PBXFileReference; lastKnownFileType = sourcecode.swift; path = NoOne16Presenter.swift; sourceTree = "<group>"; };
		02323114265D788000374676 /* NoOne16WireFrame.swift */ = {isa = PBXFileReference; lastKnownFileType = sourcecode.swift; path = NoOne16WireFrame.swift; sourceTree = "<group>"; };
		02323115265D788000374676 /* NoOne16Interactor.swift */ = {isa = PBXFileReference; lastKnownFileType = sourcecode.swift; path = NoOne16Interactor.swift; sourceTree = "<group>"; };
		02323116265D788000374676 /* NoOne16ViewController.swift */ = {isa = PBXFileReference; lastKnownFileType = sourcecode.swift; path = NoOne16ViewController.swift; sourceTree = "<group>"; };
		02323123265D788F00374676 /* NoOne17Protocols.swift */ = {isa = PBXFileReference; lastKnownFileType = sourcecode.swift; path = NoOne17Protocols.swift; sourceTree = "<group>"; };
		02323124265D788F00374676 /* NoOne17Presenter.swift */ = {isa = PBXFileReference; lastKnownFileType = sourcecode.swift; path = NoOne17Presenter.swift; sourceTree = "<group>"; };
		02323125265D788F00374676 /* NoOne17WireFrame.swift */ = {isa = PBXFileReference; lastKnownFileType = sourcecode.swift; path = NoOne17WireFrame.swift; sourceTree = "<group>"; };
		02323126265D788F00374676 /* NoOne17Interactor.swift */ = {isa = PBXFileReference; lastKnownFileType = sourcecode.swift; path = NoOne17Interactor.swift; sourceTree = "<group>"; };
		02323127265D788F00374676 /* NoOne17ViewController.swift */ = {isa = PBXFileReference; lastKnownFileType = sourcecode.swift; path = NoOne17ViewController.swift; sourceTree = "<group>"; };
		02323134265D789A00374676 /* NoOne18Protocols.swift */ = {isa = PBXFileReference; lastKnownFileType = sourcecode.swift; path = NoOne18Protocols.swift; sourceTree = "<group>"; };
		02323135265D789A00374676 /* NoOne18Presenter.swift */ = {isa = PBXFileReference; lastKnownFileType = sourcecode.swift; path = NoOne18Presenter.swift; sourceTree = "<group>"; };
		02323136265D789A00374676 /* NoOne18WireFrame.swift */ = {isa = PBXFileReference; lastKnownFileType = sourcecode.swift; path = NoOne18WireFrame.swift; sourceTree = "<group>"; };
		02323137265D789A00374676 /* NoOne18Interactor.swift */ = {isa = PBXFileReference; lastKnownFileType = sourcecode.swift; path = NoOne18Interactor.swift; sourceTree = "<group>"; };
		02323138265D789A00374676 /* NoOne18ViewController.swift */ = {isa = PBXFileReference; lastKnownFileType = sourcecode.swift; path = NoOne18ViewController.swift; sourceTree = "<group>"; };
		02323142265D78A300374676 /* NoOne19Protocols.swift */ = {isa = PBXFileReference; lastKnownFileType = sourcecode.swift; path = NoOne19Protocols.swift; sourceTree = "<group>"; };
		02323143265D78A300374676 /* NoOne19Presenter.swift */ = {isa = PBXFileReference; lastKnownFileType = sourcecode.swift; path = NoOne19Presenter.swift; sourceTree = "<group>"; };
		02323144265D78A300374676 /* NoOne19WireFrame.swift */ = {isa = PBXFileReference; lastKnownFileType = sourcecode.swift; path = NoOne19WireFrame.swift; sourceTree = "<group>"; };
		02323145265D78A300374676 /* NoOne19Interactor.swift */ = {isa = PBXFileReference; lastKnownFileType = sourcecode.swift; path = NoOne19Interactor.swift; sourceTree = "<group>"; };
		02323146265D78A300374676 /* NoOne19ViewController.swift */ = {isa = PBXFileReference; lastKnownFileType = sourcecode.swift; path = NoOne19ViewController.swift; sourceTree = "<group>"; };
		02323153265D78B000374676 /* NoOne20Protocols.swift */ = {isa = PBXFileReference; lastKnownFileType = sourcecode.swift; path = NoOne20Protocols.swift; sourceTree = "<group>"; };
		02323154265D78B000374676 /* NoOne20Presenter.swift */ = {isa = PBXFileReference; lastKnownFileType = sourcecode.swift; path = NoOne20Presenter.swift; sourceTree = "<group>"; };
		02323155265D78B000374676 /* NoOne20WireFrame.swift */ = {isa = PBXFileReference; lastKnownFileType = sourcecode.swift; path = NoOne20WireFrame.swift; sourceTree = "<group>"; };
		02323156265D78B000374676 /* NoOne20Interactor.swift */ = {isa = PBXFileReference; lastKnownFileType = sourcecode.swift; path = NoOne20Interactor.swift; sourceTree = "<group>"; };
		02323157265D78B000374676 /* NoOne20ViewController.swift */ = {isa = PBXFileReference; lastKnownFileType = sourcecode.swift; path = NoOne20ViewController.swift; sourceTree = "<group>"; };
		0232316A265D78D200374676 /* NoOne21Protocols.swift */ = {isa = PBXFileReference; lastKnownFileType = sourcecode.swift; path = NoOne21Protocols.swift; sourceTree = "<group>"; };
		0232316B265D78D200374676 /* NoOne21Presenter.swift */ = {isa = PBXFileReference; lastKnownFileType = sourcecode.swift; path = NoOne21Presenter.swift; sourceTree = "<group>"; };
		0232316C265D78D200374676 /* NoOne21WireFrame.swift */ = {isa = PBXFileReference; lastKnownFileType = sourcecode.swift; path = NoOne21WireFrame.swift; sourceTree = "<group>"; };
		0232316D265D78D200374676 /* NoOne21Interactor.swift */ = {isa = PBXFileReference; lastKnownFileType = sourcecode.swift; path = NoOne21Interactor.swift; sourceTree = "<group>"; };
		0232316E265D78D200374676 /* NoOne21ViewController.swift */ = {isa = PBXFileReference; lastKnownFileType = sourcecode.swift; path = NoOne21ViewController.swift; sourceTree = "<group>"; };
		0232317B265D78DD00374676 /* NoOne22Protocols.swift */ = {isa = PBXFileReference; lastKnownFileType = sourcecode.swift; path = NoOne22Protocols.swift; sourceTree = "<group>"; };
		0232317C265D78DD00374676 /* NoOne22Presenter.swift */ = {isa = PBXFileReference; lastKnownFileType = sourcecode.swift; path = NoOne22Presenter.swift; sourceTree = "<group>"; };
		0232317D265D78DD00374676 /* NoOne22WireFrame.swift */ = {isa = PBXFileReference; lastKnownFileType = sourcecode.swift; path = NoOne22WireFrame.swift; sourceTree = "<group>"; };
		0232317E265D78DD00374676 /* NoOne22Interactor.swift */ = {isa = PBXFileReference; lastKnownFileType = sourcecode.swift; path = NoOne22Interactor.swift; sourceTree = "<group>"; };
		0232317F265D78DD00374676 /* NoOne22ViewController.swift */ = {isa = PBXFileReference; lastKnownFileType = sourcecode.swift; path = NoOne22ViewController.swift; sourceTree = "<group>"; };
		02323189265D78E800374676 /* NoOne23Protocols.swift */ = {isa = PBXFileReference; lastKnownFileType = sourcecode.swift; path = NoOne23Protocols.swift; sourceTree = "<group>"; };
		0232318A265D78E800374676 /* NoOne23Presenter.swift */ = {isa = PBXFileReference; lastKnownFileType = sourcecode.swift; path = NoOne23Presenter.swift; sourceTree = "<group>"; };
		0232318B265D78E800374676 /* NoOne23WireFrame.swift */ = {isa = PBXFileReference; lastKnownFileType = sourcecode.swift; path = NoOne23WireFrame.swift; sourceTree = "<group>"; };
		0232318C265D78E800374676 /* NoOne23Interactor.swift */ = {isa = PBXFileReference; lastKnownFileType = sourcecode.swift; path = NoOne23Interactor.swift; sourceTree = "<group>"; };
		0232318D265D78E800374676 /* NoOne23ViewController.swift */ = {isa = PBXFileReference; lastKnownFileType = sourcecode.swift; path = NoOne23ViewController.swift; sourceTree = "<group>"; };
		02323197265D78F100374676 /* NoOne24Protocols.swift */ = {isa = PBXFileReference; lastKnownFileType = sourcecode.swift; path = NoOne24Protocols.swift; sourceTree = "<group>"; };
		02323198265D78F100374676 /* NoOne24Presenter.swift */ = {isa = PBXFileReference; lastKnownFileType = sourcecode.swift; path = NoOne24Presenter.swift; sourceTree = "<group>"; };
		02323199265D78F100374676 /* NoOne24WireFrame.swift */ = {isa = PBXFileReference; lastKnownFileType = sourcecode.swift; path = NoOne24WireFrame.swift; sourceTree = "<group>"; };
		0232319A265D78F100374676 /* NoOne24Interactor.swift */ = {isa = PBXFileReference; lastKnownFileType = sourcecode.swift; path = NoOne24Interactor.swift; sourceTree = "<group>"; };
		0232319B265D78F100374676 /* NoOne24ViewController.swift */ = {isa = PBXFileReference; lastKnownFileType = sourcecode.swift; path = NoOne24ViewController.swift; sourceTree = "<group>"; };
		023231A8265D78FC00374676 /* NoOne25Protocols.swift */ = {isa = PBXFileReference; lastKnownFileType = sourcecode.swift; path = NoOne25Protocols.swift; sourceTree = "<group>"; };
		023231A9265D78FC00374676 /* NoOne25Presenter.swift */ = {isa = PBXFileReference; lastKnownFileType = sourcecode.swift; path = NoOne25Presenter.swift; sourceTree = "<group>"; };
		023231AA265D78FC00374676 /* NoOne25WireFrame.swift */ = {isa = PBXFileReference; lastKnownFileType = sourcecode.swift; path = NoOne25WireFrame.swift; sourceTree = "<group>"; };
		023231AB265D78FC00374676 /* NoOne25Interactor.swift */ = {isa = PBXFileReference; lastKnownFileType = sourcecode.swift; path = NoOne25Interactor.swift; sourceTree = "<group>"; };
		023231AC265D78FC00374676 /* NoOne25ViewController.swift */ = {isa = PBXFileReference; lastKnownFileType = sourcecode.swift; path = NoOne25ViewController.swift; sourceTree = "<group>"; };
		023231B9265D790600374676 /* NoOne26Protocols.swift */ = {isa = PBXFileReference; lastKnownFileType = sourcecode.swift; path = NoOne26Protocols.swift; sourceTree = "<group>"; };
		023231BA265D790600374676 /* NoOne26Presenter.swift */ = {isa = PBXFileReference; lastKnownFileType = sourcecode.swift; path = NoOne26Presenter.swift; sourceTree = "<group>"; };
		023231BB265D790600374676 /* NoOne26WireFrame.swift */ = {isa = PBXFileReference; lastKnownFileType = sourcecode.swift; path = NoOne26WireFrame.swift; sourceTree = "<group>"; };
		023231BC265D790600374676 /* NoOne26Interactor.swift */ = {isa = PBXFileReference; lastKnownFileType = sourcecode.swift; path = NoOne26Interactor.swift; sourceTree = "<group>"; };
		023231BD265D790600374676 /* NoOne26ViewController.swift */ = {isa = PBXFileReference; lastKnownFileType = sourcecode.swift; path = NoOne26ViewController.swift; sourceTree = "<group>"; };
		023231CA265D791300374676 /* NoOne27Protocols.swift */ = {isa = PBXFileReference; lastKnownFileType = sourcecode.swift; path = NoOne27Protocols.swift; sourceTree = "<group>"; };
		023231CB265D791300374676 /* NoOne27Presenter.swift */ = {isa = PBXFileReference; lastKnownFileType = sourcecode.swift; path = NoOne27Presenter.swift; sourceTree = "<group>"; };
		023231CC265D791300374676 /* NoOne27WireFrame.swift */ = {isa = PBXFileReference; lastKnownFileType = sourcecode.swift; path = NoOne27WireFrame.swift; sourceTree = "<group>"; };
		023231CD265D791300374676 /* NoOne27Interactor.swift */ = {isa = PBXFileReference; lastKnownFileType = sourcecode.swift; path = NoOne27Interactor.swift; sourceTree = "<group>"; };
		023231CE265D791300374676 /* NoOne27ViewController.swift */ = {isa = PBXFileReference; lastKnownFileType = sourcecode.swift; path = NoOne27ViewController.swift; sourceTree = "<group>"; };
		023231DB265D792000374676 /* NoOne28Protocols.swift */ = {isa = PBXFileReference; lastKnownFileType = sourcecode.swift; path = NoOne28Protocols.swift; sourceTree = "<group>"; };
		023231DC265D792000374676 /* NoOne28Presenter.swift */ = {isa = PBXFileReference; lastKnownFileType = sourcecode.swift; path = NoOne28Presenter.swift; sourceTree = "<group>"; };
		023231DD265D792000374676 /* NoOne28WireFrame.swift */ = {isa = PBXFileReference; lastKnownFileType = sourcecode.swift; path = NoOne28WireFrame.swift; sourceTree = "<group>"; };
		023231DE265D792000374676 /* NoOne28Interactor.swift */ = {isa = PBXFileReference; lastKnownFileType = sourcecode.swift; path = NoOne28Interactor.swift; sourceTree = "<group>"; };
		023231DF265D792000374676 /* NoOne28ViewController.swift */ = {isa = PBXFileReference; lastKnownFileType = sourcecode.swift; path = NoOne28ViewController.swift; sourceTree = "<group>"; };
		023231EC265D792C00374676 /* NoOne29Protocols.swift */ = {isa = PBXFileReference; lastKnownFileType = sourcecode.swift; path = NoOne29Protocols.swift; sourceTree = "<group>"; };
		023231ED265D792C00374676 /* NoOne29Presenter.swift */ = {isa = PBXFileReference; lastKnownFileType = sourcecode.swift; path = NoOne29Presenter.swift; sourceTree = "<group>"; };
		023231EE265D792C00374676 /* NoOne29WireFrame.swift */ = {isa = PBXFileReference; lastKnownFileType = sourcecode.swift; path = NoOne29WireFrame.swift; sourceTree = "<group>"; };
		023231EF265D792C00374676 /* NoOne29Interactor.swift */ = {isa = PBXFileReference; lastKnownFileType = sourcecode.swift; path = NoOne29Interactor.swift; sourceTree = "<group>"; };
		023231F0265D792C00374676 /* NoOne29ViewController.swift */ = {isa = PBXFileReference; lastKnownFileType = sourcecode.swift; path = NoOne29ViewController.swift; sourceTree = "<group>"; };
		023231FA265D793A00374676 /* NoOne31Protocols.swift */ = {isa = PBXFileReference; lastKnownFileType = sourcecode.swift; path = NoOne31Protocols.swift; sourceTree = "<group>"; };
		023231FB265D793A00374676 /* NoOne31Presenter.swift */ = {isa = PBXFileReference; lastKnownFileType = sourcecode.swift; path = NoOne31Presenter.swift; sourceTree = "<group>"; };
		023231FC265D793A00374676 /* NoOne31WireFrame.swift */ = {isa = PBXFileReference; lastKnownFileType = sourcecode.swift; path = NoOne31WireFrame.swift; sourceTree = "<group>"; };
		023231FD265D793A00374676 /* NoOne31Interactor.swift */ = {isa = PBXFileReference; lastKnownFileType = sourcecode.swift; path = NoOne31Interactor.swift; sourceTree = "<group>"; };
		023231FE265D793A00374676 /* NoOne31ViewController.swift */ = {isa = PBXFileReference; lastKnownFileType = sourcecode.swift; path = NoOne31ViewController.swift; sourceTree = "<group>"; };
/* End PBXFileReference section */

/* Begin PBXFrameworksBuildPhase section */
		02322FE7265D775E00374676 /* Frameworks */ = {
			isa = PBXFrameworksBuildPhase;
			buildActionMask = 2147483647;
			files = (
			);
			runOnlyForDeploymentPostprocessing = 0;
		};
		02322FFD265D775F00374676 /* Frameworks */ = {
			isa = PBXFrameworksBuildPhase;
			buildActionMask = 2147483647;
			files = (
			);
			runOnlyForDeploymentPostprocessing = 0;
		};
		02323008265D775F00374676 /* Frameworks */ = {
			isa = PBXFrameworksBuildPhase;
			buildActionMask = 2147483647;
			files = (
			);
			runOnlyForDeploymentPostprocessing = 0;
		};
/* End PBXFrameworksBuildPhase section */

/* Begin PBXGroup section */
		02322FE1265D775E00374676 = {
			isa = PBXGroup;
			children = (
				02322FEC265D775E00374676 /* NoOne */,
				02323003265D775F00374676 /* NoOneTests */,
				0232300E265D775F00374676 /* NoOneUITests */,
				02322FEB265D775E00374676 /* Products */,
			);
			sourceTree = "<group>";
		};
		02322FEB265D775E00374676 /* Products */ = {
			isa = PBXGroup;
			children = (
				02322FEA265D775E00374676 /* NoOne.app */,
				02323000265D775F00374676 /* NoOneTests.xctest */,
				0232300B265D775F00374676 /* NoOneUITests.xctest */,
			);
			name = Products;
			sourceTree = "<group>";
		};
		02322FEC265D775E00374676 /* NoOne */ = {
			isa = PBXGroup;
			children = (
				023231F9265D793000374676 /* NoOne30 */,
				023231EB265D792500374676 /* NoOne29 */,
				023231DA265D791900374676 /* NoOne28 */,
				023231C9265D790B00374676 /* NoOne27 */,
				023231B8265D790000374676 /* NoOne26 */,
				023231A7265D78F500374676 /* NoOne25 */,
				02323196265D78EC00374676 /* NoOne24 */,
				02323188265D78E000374676 /* NoOne23 */,
				0232317A265D78D600374676 /* NoOne22 */,
				02323169265D78CA00374676 /* NoOne21 */,
				02323152265D78A800374676 /* NoOne20 */,
				02323141265D789D00374676 /* NoOne19 */,
				02323133265D789300374676 /* NoOne18 */,
				02323122265D788600374676 /* NoOne17 */,
				02323111265D787900374676 /* NoOne16 */,
				02323100265D786C00374676 /* NoOne15 */,
				023230EF265D786100374676 /* NoOne14 */,
				023230E1265D785700374676 /* NoOne13 */,
				023230D3265D784B00374676 /* NoOne12 */,
				023230C2265D783F00374676 /* NoOne11 */,
				023230AE265D782A00374676 /* NoOne10 */,
				0232309C265D781800374676 /* NoOne9 */,
				0232308E265D780A00374676 /* NoOne8 */,
				02323080265D77FA00374676 /* NoOne7 */,
				02323072265D77EB00374676 /* NoOne6 */,
				02323061265D77D100374676 /* NoOne5 */,
				02323053265D77C300374676 /* NoOne4 */,
				02323045265D77B500374676 /* NoOne3 */,
				02323037265D779700374676 /* NoOne2 */,
				02323020265D777800374676 /* NoOne1 */,
				02322FED265D775E00374676 /* AppDelegate.swift */,
				02322FEF265D775E00374676 /* SceneDelegate.swift */,
				02322FF1265D775E00374676 /* ViewController.swift */,
				02322FF3265D775E00374676 /* Main.storyboard */,
				02322FF6265D775F00374676 /* Assets.xcassets */,
				02322FF8265D775F00374676 /* LaunchScreen.storyboard */,
				02322FFB265D775F00374676 /* Info.plist */,
			);
			path = NoOne;
			sourceTree = "<group>";
		};
		02323003265D775F00374676 /* NoOneTests */ = {
			isa = PBXGroup;
			children = (
				02323004265D775F00374676 /* NoOneTests.swift */,
				02323006265D775F00374676 /* Info.plist */,
			);
			path = NoOneTests;
			sourceTree = "<group>";
		};
		0232300E265D775F00374676 /* NoOneUITests */ = {
			isa = PBXGroup;
			children = (
				0232300F265D775F00374676 /* NoOneUITests.swift */,
				02323011265D775F00374676 /* Info.plist */,
			);
			path = NoOneUITests;
			sourceTree = "<group>";
		};
		02323020265D777800374676 /* NoOne1 */ = {
			isa = PBXGroup;
			children = (
				02323021265D778500374676 /* NoOne1Protocols.swift */,
				02323022265D778500374676 /* NoOne1Presenter.swift */,
				02323023265D778500374676 /* NoOne1WireFrame.swift */,
				02323024265D778500374676 /* NoOne1Interactor.swift */,
				02323025265D778500374676 /* NoOne1ViewController.swift */,
			);
			path = NoOne1;
			sourceTree = "<group>";
		};
		02323037265D779700374676 /* NoOne2 */ = {
			isa = PBXGroup;
			children = (
				02323038265D77A200374676 /* NoOne2Protocols.swift */,
				02323039265D77A200374676 /* NoOne2Presenter.swift */,
				0232303A265D77A200374676 /* NoOne2WireFrame.swift */,
				0232303B265D77A200374676 /* NoOne2Interactor.swift */,
				0232303C265D77A200374676 /* NoOne2ViewController.swift */,
			);
			path = NoOne2;
			sourceTree = "<group>";
		};
		02323045265D77B500374676 /* NoOne3 */ = {
			isa = PBXGroup;
			children = (
				02323046265D77BE00374676 /* NoOne3Protocols.swift */,
				02323047265D77BE00374676 /* NoOne3Presenter.swift */,
				02323048265D77BE00374676 /* NoOne3WireFrame.swift */,
				02323049265D77BE00374676 /* NoOne3Interactor.swift */,
				0232304A265D77BE00374676 /* NoOne3ViewController.swift */,
			);
			path = NoOne3;
			sourceTree = "<group>";
		};
		02323053265D77C300374676 /* NoOne4 */ = {
			isa = PBXGroup;
			children = (
				02323054265D77CB00374676 /* NoOne4Protocols.swift */,
				02323055265D77CB00374676 /* NoOne4Presenter.swift */,
				02323056265D77CB00374676 /* NoOne4WireFrame.swift */,
				02323057265D77CB00374676 /* NoOne4Interactor.swift */,
				02323058265D77CB00374676 /* NoOne4ViewController.swift */,
			);
			path = NoOne4;
			sourceTree = "<group>";
		};
		02323061265D77D100374676 /* NoOne5 */ = {
			isa = PBXGroup;
			children = (
				02323062265D77DB00374676 /* NoOne5Protocols.swift */,
				02323063265D77DB00374676 /* NoOne5Presenter.swift */,
				02323064265D77DB00374676 /* NoOne5WireFrame.swift */,
				02323065265D77DB00374676 /* NoOne5Interactor.swift */,
				02323066265D77DB00374676 /* NoOne5ViewController.swift */,
			);
			path = NoOne5;
			sourceTree = "<group>";
		};
		02323072265D77EB00374676 /* NoOne6 */ = {
			isa = PBXGroup;
			children = (
				02323073265D77F400374676 /* NoOne6Protocols.swift */,
				02323074265D77F400374676 /* NoOne6Presenter.swift */,
				02323075265D77F400374676 /* NoOne6WireFrame.swift */,
				02323076265D77F400374676 /* NoOne6Interactor.swift */,
				02323077265D77F400374676 /* NoOne6ViewController.swift */,
			);
			path = NoOne6;
			sourceTree = "<group>";
		};
		02323080265D77FA00374676 /* NoOne7 */ = {
			isa = PBXGroup;
			children = (
				02323081265D780500374676 /* NoOne7Protocols.swift */,
				02323082265D780500374676 /* NoOne7Presenter.swift */,
				02323083265D780500374676 /* NoOne7WireFrame.swift */,
				02323084265D780500374676 /* NoOne7Interactor.swift */,
				02323085265D780500374676 /* NoOne7ViewController.swift */,
			);
			path = NoOne7;
			sourceTree = "<group>";
		};
		0232308E265D780A00374676 /* NoOne8 */ = {
			isa = PBXGroup;
			children = (
				0232308F265D781300374676 /* NoOne8Protocols.swift */,
				02323090265D781300374676 /* NoOne8Presenter.swift */,
				02323091265D781300374676 /* NoOne8WireFrame.swift */,
				02323092265D781300374676 /* NoOne8Interactor.swift */,
				02323093265D781300374676 /* NoOne8ViewController.swift */,
			);
			path = NoOne8;
			sourceTree = "<group>";
		};
		0232309C265D781800374676 /* NoOne9 */ = {
			isa = PBXGroup;
			children = (
				0232309D265D782000374676 /* NoOne9Protocols.swift */,
				0232309E265D782000374676 /* NoOne9Presenter.swift */,
				0232309F265D782000374676 /* NoOne9WireFrame.swift */,
				023230A0265D782000374676 /* NoOne9Interactor.swift */,
				023230A1265D782000374676 /* NoOne9ViewController.swift */,
			);
			path = NoOne9;
			sourceTree = "<group>";
		};
		023230AE265D782A00374676 /* NoOne10 */ = {
			isa = PBXGroup;
			children = (
				023230AF265D783100374676 /* NoOne10Protocols.swift */,
				023230B0265D783100374676 /* NoOne10Presenter.swift */,
				023230B1265D783100374676 /* NoOne10WireFrame.swift */,
				023230B2265D783100374676 /* NoOne10Interactor.swift */,
				023230B3265D783100374676 /* NoOne10ViewController.swift */,
			);
			path = NoOne10;
			sourceTree = "<group>";
		};
		023230C2265D783F00374676 /* NoOne11 */ = {
			isa = PBXGroup;
			children = (
				023230C3265D784500374676 /* NoOne11Protocols.swift */,
				023230C4265D784500374676 /* NoOne11Presenter.swift */,
				023230C5265D784500374676 /* NoOne11WireFrame.swift */,
				023230C6265D784500374676 /* NoOne11Interactor.swift */,
				023230C7265D784500374676 /* NoOne11ViewController.swift */,
			);
			path = NoOne11;
			sourceTree = "<group>";
		};
		023230D3265D784B00374676 /* NoOne12 */ = {
			isa = PBXGroup;
			children = (
				023230D4265D785100374676 /* NoOne12Protocols.swift */,
				023230D5265D785100374676 /* NoOne12Presenter.swift */,
				023230D6265D785100374676 /* NoOne12WireFrame.swift */,
				023230D7265D785100374676 /* NoOne12Interactor.swift */,
				023230D8265D785100374676 /* NoOne12ViewController.swift */,
			);
			path = NoOne12;
			sourceTree = "<group>";
		};
		023230E1265D785700374676 /* NoOne13 */ = {
			isa = PBXGroup;
			children = (
				023230E2265D785D00374676 /* NoOne13Protocols.swift */,
				023230E3265D785D00374676 /* NoOne13Presenter.swift */,
				023230E4265D785D00374676 /* NoOne13WireFrame.swift */,
				023230E5265D785D00374676 /* NoOne13Interactor.swift */,
				023230E6265D785D00374676 /* NoOne13ViewController.swift */,
			);
			path = NoOne13;
			sourceTree = "<group>";
		};
		023230EF265D786100374676 /* NoOne14 */ = {
			isa = PBXGroup;
			children = (
				023230F0265D786800374676 /* NoOne14Protocols.swift */,
				023230F1265D786800374676 /* NoOne14Presenter.swift */,
				023230F2265D786800374676 /* NoOne14WireFrame.swift */,
				023230F3265D786800374676 /* NoOne14Interactor.swift */,
				023230F4265D786800374676 /* NoOne14ViewController.swift */,
			);
			path = NoOne14;
			sourceTree = "<group>";
		};
		02323100265D786C00374676 /* NoOne15 */ = {
			isa = PBXGroup;
			children = (
				02323101265D787400374676 /* NoOne15Protocols.swift */,
				02323102265D787400374676 /* NoOne15Presenter.swift */,
				02323103265D787400374676 /* NoOne15WireFrame.swift */,
				02323104265D787400374676 /* NoOne15Interactor.swift */,
				02323105265D787400374676 /* NoOne15ViewController.swift */,
			);
			path = NoOne15;
			sourceTree = "<group>";
		};
		02323111265D787900374676 /* NoOne16 */ = {
			isa = PBXGroup;
			children = (
				02323112265D788000374676 /* NoOne16Protocols.swift */,
				02323113265D788000374676 /* NoOne16Presenter.swift */,
				02323114265D788000374676 /* NoOne16WireFrame.swift */,
				02323115265D788000374676 /* NoOne16Interactor.swift */,
				02323116265D788000374676 /* NoOne16ViewController.swift */,
			);
			path = NoOne16;
			sourceTree = "<group>";
		};
		02323122265D788600374676 /* NoOne17 */ = {
			isa = PBXGroup;
			children = (
				02323123265D788F00374676 /* NoOne17Protocols.swift */,
				02323124265D788F00374676 /* NoOne17Presenter.swift */,
				02323125265D788F00374676 /* NoOne17WireFrame.swift */,
				02323126265D788F00374676 /* NoOne17Interactor.swift */,
				02323127265D788F00374676 /* NoOne17ViewController.swift */,
			);
			path = NoOne17;
			sourceTree = "<group>";
		};
		02323133265D789300374676 /* NoOne18 */ = {
			isa = PBXGroup;
			children = (
				02323134265D789A00374676 /* NoOne18Protocols.swift */,
				02323135265D789A00374676 /* NoOne18Presenter.swift */,
				02323136265D789A00374676 /* NoOne18WireFrame.swift */,
				02323137265D789A00374676 /* NoOne18Interactor.swift */,
				02323138265D789A00374676 /* NoOne18ViewController.swift */,
			);
			path = NoOne18;
			sourceTree = "<group>";
		};
		02323141265D789D00374676 /* NoOne19 */ = {
			isa = PBXGroup;
			children = (
				02323142265D78A300374676 /* NoOne19Protocols.swift */,
				02323143265D78A300374676 /* NoOne19Presenter.swift */,
				02323144265D78A300374676 /* NoOne19WireFrame.swift */,
				02323145265D78A300374676 /* NoOne19Interactor.swift */,
				02323146265D78A300374676 /* NoOne19ViewController.swift */,
			);
			path = NoOne19;
			sourceTree = "<group>";
		};
		02323152265D78A800374676 /* NoOne20 */ = {
			isa = PBXGroup;
			children = (
				02323153265D78B000374676 /* NoOne20Protocols.swift */,
				02323154265D78B000374676 /* NoOne20Presenter.swift */,
				02323155265D78B000374676 /* NoOne20WireFrame.swift */,
				02323156265D78B000374676 /* NoOne20Interactor.swift */,
				02323157265D78B000374676 /* NoOne20ViewController.swift */,
			);
			path = NoOne20;
			sourceTree = "<group>";
		};
		02323169265D78CA00374676 /* NoOne21 */ = {
			isa = PBXGroup;
			children = (
				0232316A265D78D200374676 /* NoOne21Protocols.swift */,
				0232316B265D78D200374676 /* NoOne21Presenter.swift */,
				0232316C265D78D200374676 /* NoOne21WireFrame.swift */,
				0232316D265D78D200374676 /* NoOne21Interactor.swift */,
				0232316E265D78D200374676 /* NoOne21ViewController.swift */,
			);
			path = NoOne21;
			sourceTree = "<group>";
		};
		0232317A265D78D600374676 /* NoOne22 */ = {
			isa = PBXGroup;
			children = (
				0232317B265D78DD00374676 /* NoOne22Protocols.swift */,
				0232317C265D78DD00374676 /* NoOne22Presenter.swift */,
				0232317D265D78DD00374676 /* NoOne22WireFrame.swift */,
				0232317E265D78DD00374676 /* NoOne22Interactor.swift */,
				0232317F265D78DD00374676 /* NoOne22ViewController.swift */,
			);
			path = NoOne22;
			sourceTree = "<group>";
		};
		02323188265D78E000374676 /* NoOne23 */ = {
			isa = PBXGroup;
			children = (
				02323189265D78E800374676 /* NoOne23Protocols.swift */,
				0232318A265D78E800374676 /* NoOne23Presenter.swift */,
				0232318B265D78E800374676 /* NoOne23WireFrame.swift */,
				0232318C265D78E800374676 /* NoOne23Interactor.swift */,
				0232318D265D78E800374676 /* NoOne23ViewController.swift */,
			);
			path = NoOne23;
			sourceTree = "<group>";
		};
		02323196265D78EC00374676 /* NoOne24 */ = {
			isa = PBXGroup;
			children = (
				02323197265D78F100374676 /* NoOne24Protocols.swift */,
				02323198265D78F100374676 /* NoOne24Presenter.swift */,
				02323199265D78F100374676 /* NoOne24WireFrame.swift */,
				0232319A265D78F100374676 /* NoOne24Interactor.swift */,
				0232319B265D78F100374676 /* NoOne24ViewController.swift */,
			);
			path = NoOne24;
			sourceTree = "<group>";
		};
		023231A7265D78F500374676 /* NoOne25 */ = {
			isa = PBXGroup;
			children = (
				023231A8265D78FC00374676 /* NoOne25Protocols.swift */,
				023231A9265D78FC00374676 /* NoOne25Presenter.swift */,
				023231AA265D78FC00374676 /* NoOne25WireFrame.swift */,
				023231AB265D78FC00374676 /* NoOne25Interactor.swift */,
				023231AC265D78FC00374676 /* NoOne25ViewController.swift */,
			);
			path = NoOne25;
			sourceTree = "<group>";
		};
		023231B8265D790000374676 /* NoOne26 */ = {
			isa = PBXGroup;
			children = (
				023231B9265D790600374676 /* NoOne26Protocols.swift */,
				023231BA265D790600374676 /* NoOne26Presenter.swift */,
				023231BB265D790600374676 /* NoOne26WireFrame.swift */,
				023231BC265D790600374676 /* NoOne26Interactor.swift */,
				023231BD265D790600374676 /* NoOne26ViewController.swift */,
			);
			path = NoOne26;
			sourceTree = "<group>";
		};
		023231C9265D790B00374676 /* NoOne27 */ = {
			isa = PBXGroup;
			children = (
				023231CA265D791300374676 /* NoOne27Protocols.swift */,
				023231CB265D791300374676 /* NoOne27Presenter.swift */,
				023231CC265D791300374676 /* NoOne27WireFrame.swift */,
				023231CD265D791300374676 /* NoOne27Interactor.swift */,
				023231CE265D791300374676 /* NoOne27ViewController.swift */,
			);
			path = NoOne27;
			sourceTree = "<group>";
		};
		023231DA265D791900374676 /* NoOne28 */ = {
			isa = PBXGroup;
			children = (
				023231DB265D792000374676 /* NoOne28Protocols.swift */,
				023231DC265D792000374676 /* NoOne28Presenter.swift */,
				023231DD265D792000374676 /* NoOne28WireFrame.swift */,
				023231DE265D792000374676 /* NoOne28Interactor.swift */,
				023231DF265D792000374676 /* NoOne28ViewController.swift */,
			);
			path = NoOne28;
			sourceTree = "<group>";
		};
		023231EB265D792500374676 /* NoOne29 */ = {
			isa = PBXGroup;
			children = (
				023231EC265D792C00374676 /* NoOne29Protocols.swift */,
				023231ED265D792C00374676 /* NoOne29Presenter.swift */,
				023231EE265D792C00374676 /* NoOne29WireFrame.swift */,
				023231EF265D792C00374676 /* NoOne29Interactor.swift */,
				023231F0265D792C00374676 /* NoOne29ViewController.swift */,
			);
			path = NoOne29;
			sourceTree = "<group>";
		};
		023231F9265D793000374676 /* NoOne30 */ = {
			isa = PBXGroup;
			children = (
				023231FA265D793A00374676 /* NoOne31Protocols.swift */,
				023231FB265D793A00374676 /* NoOne31Presenter.swift */,
				023231FC265D793A00374676 /* NoOne31WireFrame.swift */,
				023231FD265D793A00374676 /* NoOne31Interactor.swift */,
				023231FE265D793A00374676 /* NoOne31ViewController.swift */,
			);
			path = NoOne30;
			sourceTree = "<group>";
		};
/* End PBXGroup section */

/* Begin PBXNativeTarget section */
		02322FE9265D775E00374676 /* NoOne */ = {
			isa = PBXNativeTarget;
			buildConfigurationList = 02323014265D775F00374676 /* Build configuration list for PBXNativeTarget "NoOne" */;
			buildPhases = (
				02322FE6265D775E00374676 /* Sources */,
				02322FE7265D775E00374676 /* Frameworks */,
				02322FE8265D775E00374676 /* Resources */,
			);
			buildRules = (
			);
			dependencies = (
			);
			name = NoOne;
			productName = NoOne;
			productReference = 02322FEA265D775E00374676 /* NoOne.app */;
			productType = "com.apple.product-type.application";
		};
		02322FFF265D775F00374676 /* NoOneTests */ = {
			isa = PBXNativeTarget;
			buildConfigurationList = 02323017265D775F00374676 /* Build configuration list for PBXNativeTarget "NoOneTests" */;
			buildPhases = (
				02322FFC265D775F00374676 /* Sources */,
				02322FFD265D775F00374676 /* Frameworks */,
				02322FFE265D775F00374676 /* Resources */,
			);
			buildRules = (
			);
			dependencies = (
				02323002265D775F00374676 /* PBXTargetDependency */,
			);
			name = NoOneTests;
			productName = NoOneTests;
			productReference = 02323000265D775F00374676 /* NoOneTests.xctest */;
			productType = "com.apple.product-type.bundle.unit-test";
		};
		0232300A265D775F00374676 /* NoOneUITests */ = {
			isa = PBXNativeTarget;
			buildConfigurationList = 0232301A265D775F00374676 /* Build configuration list for PBXNativeTarget "NoOneUITests" */;
			buildPhases = (
				02323007265D775F00374676 /* Sources */,
				02323008265D775F00374676 /* Frameworks */,
				02323009265D775F00374676 /* Resources */,
			);
			buildRules = (
			);
			dependencies = (
				0232300D265D775F00374676 /* PBXTargetDependency */,
			);
			name = NoOneUITests;
			productName = NoOneUITests;
			productReference = 0232300B265D775F00374676 /* NoOneUITests.xctest */;
			productType = "com.apple.product-type.bundle.ui-testing";
		};
/* End PBXNativeTarget section */

/* Begin PBXProject section */
		02322FE2265D775E00374676 /* Project object */ = {
			isa = PBXProject;
			attributes = {
				LastSwiftUpdateCheck = 1240;
				LastUpgradeCheck = 1240;
				TargetAttributes = {
					02322FE9265D775E00374676 = {
						CreatedOnToolsVersion = 12.4;
					};
					02322FFF265D775F00374676 = {
						CreatedOnToolsVersion = 12.4;
						TestTargetID = 02322FE9265D775E00374676;
					};
					0232300A265D775F00374676 = {
						CreatedOnToolsVersion = 12.4;
						TestTargetID = 02322FE9265D775E00374676;
					};
				};
			};
			buildConfigurationList = 02322FE5265D775E00374676 /* Build configuration list for PBXProject "NoOne" */;
			compatibilityVersion = "Xcode 9.3";
			developmentRegion = en;
			hasScannedForEncodings = 0;
			knownRegions = (
				en,
				Base,
			);
			mainGroup = 02322FE1265D775E00374676;
			productRefGroup = 02322FEB265D775E00374676 /* Products */;
			projectDirPath = "";
			projectRoot = "";
			targets = (
				02322FE9265D775E00374676 /* NoOne */,
				02322FFF265D775F00374676 /* NoOneTests */,
				0232300A265D775F00374676 /* NoOneUITests */,
			);
		};
/* End PBXProject section */

/* Begin PBXResourcesBuildPhase section */
		02322FE8265D775E00374676 /* Resources */ = {
			isa = PBXResourcesBuildPhase;
			buildActionMask = 2147483647;
			files = (
				02322FFA265D775F00374676 /* LaunchScreen.storyboard in Resources */,
				02322FF7265D775F00374676 /* Assets.xcassets in Resources */,
				02322FF5265D775E00374676 /* Main.storyboard in Resources */,
			);
			runOnlyForDeploymentPostprocessing = 0;
		};
		02322FFE265D775F00374676 /* Resources */ = {
			isa = PBXResourcesBuildPhase;
			buildActionMask = 2147483647;
			files = (
			);
			runOnlyForDeploymentPostprocessing = 0;
		};
		02323009265D775F00374676 /* Resources */ = {
			isa = PBXResourcesBuildPhase;
			buildActionMask = 2147483647;
			files = (
			);
			runOnlyForDeploymentPostprocessing = 0;
		};
/* End PBXResourcesBuildPhase section */

/* Begin PBXSourcesBuildPhase section */
		02322FE6265D775E00374676 /* Sources */ = {
			isa = PBXSourcesBuildPhase;
			buildActionMask = 2147483647;
			files = (
				0232318F265D78E800374676 /* NoOne23Presenter.swift in Sources */,
				02323203265D793A00374676 /* NoOne31ViewController.swift in Sources */,
				023231A0265D78F100374676 /* NoOne24ViewController.swift in Sources */,
				02323183265D78DD00374676 /* NoOne22Interactor.swift in Sources */,
				023230F7265D786800374676 /* NoOne14WireFrame.swift in Sources */,
				023230F8265D786800374676 /* NoOne14Interactor.swift in Sources */,
				0232319C265D78F100374676 /* NoOne24Protocols.swift in Sources */,
				0232310A265D787400374676 /* NoOne15ViewController.swift in Sources */,
				0232307A265D77F400374676 /* NoOne6WireFrame.swift in Sources */,
				023231E3265D792000374676 /* NoOne28Interactor.swift in Sources */,
				0232307B265D77F400374676 /* NoOne6Interactor.swift in Sources */,
				0232304F265D77BE00374676 /* NoOne3ViewController.swift in Sources */,
				023230DC265D785200374676 /* NoOne12Interactor.swift in Sources */,
				02323173265D78D200374676 /* NoOne21ViewController.swift in Sources */,
				023231AD265D78FC00374676 /* NoOne25Protocols.swift in Sources */,
				02323041265D77A200374676 /* NoOne2ViewController.swift in Sources */,
				023231E1265D792000374676 /* NoOne28Presenter.swift in Sources */,
				023231F1265D792C00374676 /* NoOne29Protocols.swift in Sources */,
				023230F6265D786800374676 /* NoOne14Presenter.swift in Sources */,
				02323108265D787400374676 /* NoOne15WireFrame.swift in Sources */,
				0232303D265D77A200374676 /* NoOne2Protocols.swift in Sources */,
				02323027265D778500374676 /* NoOne1Presenter.swift in Sources */,
				0232304C265D77BE00374676 /* NoOne3Presenter.swift in Sources */,
				02323095265D781300374676 /* NoOne8Presenter.swift in Sources */,
				0232312A265D788F00374676 /* NoOne17WireFrame.swift in Sources */,
				02323129265D788F00374676 /* NoOne17Presenter.swift in Sources */,
				023230A4265D782000374676 /* NoOne9WireFrame.swift in Sources */,
				0232304D265D77BE00374676 /* NoOne3WireFrame.swift in Sources */,
				02323068265D77DB00374676 /* NoOne5Presenter.swift in Sources */,
				02323117265D788000374676 /* NoOne16Protocols.swift in Sources */,
				02323190265D78E800374676 /* NoOne23WireFrame.swift in Sources */,
				02323086265D780500374676 /* NoOne7Protocols.swift in Sources */,
				0232313A265D789A00374676 /* NoOne18Presenter.swift in Sources */,
				023231F4265D792C00374676 /* NoOne29Interactor.swift in Sources */,
				023230A3265D782000374676 /* NoOne9Presenter.swift in Sources */,
				023231CF265D791300374676 /* NoOne27Protocols.swift in Sources */,
				023231D3265D791300374676 /* NoOne27ViewController.swift in Sources */,
				023230D9265D785200374676 /* NoOne12Protocols.swift in Sources */,
				023230B5265D783100374676 /* NoOne10Presenter.swift in Sources */,
				02323106265D787400374676 /* NoOne15Protocols.swift in Sources */,
				02323159265D78B000374676 /* NoOne20Presenter.swift in Sources */,
				02322FF2265D775E00374676 /* ViewController.swift in Sources */,
				0232305A265D77CB00374676 /* NoOne4Presenter.swift in Sources */,
				02323149265D78A300374676 /* NoOne19WireFrame.swift in Sources */,
				023231F2265D792C00374676 /* NoOne29Presenter.swift in Sources */,
				023231B0265D78FC00374676 /* NoOne25Interactor.swift in Sources */,
				023231E4265D792000374676 /* NoOne28ViewController.swift in Sources */,
				02323026265D778500374676 /* NoOne1Protocols.swift in Sources */,
				02323181265D78DD00374676 /* NoOne22Presenter.swift in Sources */,
				0232312C265D788F00374676 /* NoOne17ViewController.swift in Sources */,
				0232319D265D78F100374676 /* NoOne24Presenter.swift in Sources */,
				0232305C265D77CB00374676 /* NoOne4Interactor.swift in Sources */,
				02323147265D78A300374676 /* NoOne19Protocols.swift in Sources */,
				0232315A265D78B000374676 /* NoOne20WireFrame.swift in Sources */,
				023230DA265D785200374676 /* NoOne12Presenter.swift in Sources */,
				023231BE265D790600374676 /* NoOne26Protocols.swift in Sources */,
				02323096265D781300374676 /* NoOne8WireFrame.swift in Sources */,
				0232311A265D788000374676 /* NoOne16Interactor.swift in Sources */,
				023230E8265D785D00374676 /* NoOne13Presenter.swift in Sources */,
				0232305D265D77CB00374676 /* NoOne4ViewController.swift in Sources */,
				02323118265D788000374676 /* NoOne16Presenter.swift in Sources */,
				02323128265D788F00374676 /* NoOne17Protocols.swift in Sources */,
				02323107265D787400374676 /* NoOne15Presenter.swift in Sources */,
				02323200265D793A00374676 /* NoOne31Presenter.swift in Sources */,
				02323158265D78B000374676 /* NoOne20Protocols.swift in Sources */,
				02323170265D78D200374676 /* NoOne21Presenter.swift in Sources */,
				023231F3265D792C00374676 /* NoOne29WireFrame.swift in Sources */,
				023230CA265D784500374676 /* NoOne11WireFrame.swift in Sources */,
				023230A2265D782000374676 /* NoOne9Protocols.swift in Sources */,
				02322FEE265D775E00374676 /* AppDelegate.swift in Sources */,
				02323192265D78E800374676 /* NoOne23ViewController.swift in Sources */,
				02323040265D77A200374676 /* NoOne2Interactor.swift in Sources */,
				023231D0265D791300374676 /* NoOne27Presenter.swift in Sources */,
				023231F5265D792C00374676 /* NoOne29ViewController.swift in Sources */,
				0232302A265D778500374676 /* NoOne1ViewController.swift in Sources */,
				02323028265D778500374676 /* NoOne1WireFrame.swift in Sources */,
				02323078265D77F400374676 /* NoOne6Protocols.swift in Sources */,
				023231C1265D790600374676 /* NoOne26Interactor.swift in Sources */,
				023230EA265D785D00374676 /* NoOne13Interactor.swift in Sources */,
				0232313D265D789A00374676 /* NoOne18ViewController.swift in Sources */,
				0232315C265D78B000374676 /* NoOne20ViewController.swift in Sources */,
				023230B6265D783100374676 /* NoOne10WireFrame.swift in Sources */,
				023231AE265D78FC00374676 /* NoOne25Presenter.swift in Sources */,
				02323172265D78D200374676 /* NoOne21Interactor.swift in Sources */,
				0232315B265D78B000374676 /* NoOne20Interactor.swift in Sources */,
				02323171265D78D200374676 /* NoOne21WireFrame.swift in Sources */,
				023230CC265D784500374676 /* NoOne11ViewController.swift in Sources */,
				023231AF265D78FC00374676 /* NoOne25WireFrame.swift in Sources */,
				0232306B265D77DB00374676 /* NoOne5ViewController.swift in Sources */,
				023231E2265D792000374676 /* NoOne28WireFrame.swift in Sources */,
				02323069265D77DB00374676 /* NoOne5WireFrame.swift in Sources */,
				0232304B265D77BE00374676 /* NoOne3Protocols.swift in Sources */,
				02323109265D787400374676 /* NoOne15Interactor.swift in Sources */,
				023230A6265D782000374676 /* NoOne9ViewController.swift in Sources */,
				02323094265D781300374676 /* NoOne8Protocols.swift in Sources */,
				02323087265D780500374676 /* NoOne7Presenter.swift in Sources */,
				02323098265D781300374676 /* NoOne8ViewController.swift in Sources */,
				0232319F265D78F100374676 /* NoOne24Interactor.swift in Sources */,
				02322FF0265D775E00374676 /* SceneDelegate.swift in Sources */,
				023230B8265D783100374676 /* NoOne10ViewController.swift in Sources */,
				023231FF265D793A00374676 /* NoOne31Protocols.swift in Sources */,
				023230C9265D784500374676 /* NoOne11Presenter.swift in Sources */,
				02323067265D77DB00374676 /* NoOne5Protocols.swift in Sources */,
				023231C0265D790600374676 /* NoOne26WireFrame.swift in Sources */,
				023230CB265D784500374676 /* NoOne11Interactor.swift in Sources */,
				023231D2265D791300374676 /* NoOne27Interactor.swift in Sources */,
				02323148265D78A300374676 /* NoOne19Presenter.swift in Sources */,
				023231E0265D792000374676 /* NoOne28Protocols.swift in Sources */,
				0232306A265D77DB00374676 /* NoOne5Interactor.swift in Sources */,
				0232316F265D78D200374676 /* NoOne21Protocols.swift in Sources */,
				0232305B265D77CB00374676 /* NoOne4WireFrame.swift in Sources */,
				023230EB265D785D00374676 /* NoOne13ViewController.swift in Sources */,
				02323029265D778500374676 /* NoOne1Interactor.swift in Sources */,
				023231BF265D790600374676 /* NoOne26Presenter.swift in Sources */,
				0232314A265D78A300374676 /* NoOne19Interactor.swift in Sources */,
				0232304E265D77BE00374676 /* NoOne3Interactor.swift in Sources */,
				0232313B265D789A00374676 /* NoOne18WireFrame.swift in Sources */,
				02323059265D77CB00374676 /* NoOne4Protocols.swift in Sources */,
				023230B7265D783100374676 /* NoOne10Interactor.swift in Sources */,
				023230C8265D784500374676 /* NoOne11Protocols.swift in Sources */,
				0232311B265D788000374676 /* NoOne16ViewController.swift in Sources */,
				02323119265D788000374676 /* NoOne16WireFrame.swift in Sources */,
				023231C2265D790600374676 /* NoOne26ViewController.swift in Sources */,
				023230E9265D785D00374676 /* NoOne13WireFrame.swift in Sources */,
				02323089265D780500374676 /* NoOne7Interactor.swift in Sources */,
				0232318E265D78E800374676 /* NoOne23Protocols.swift in Sources */,
				0232314B265D78A300374676 /* NoOne19ViewController.swift in Sources */,
				0232303F265D77A200374676 /* NoOne2WireFrame.swift in Sources */,
				0232312B265D788F00374676 /* NoOne17Interactor.swift in Sources */,
				02323088265D780500374676 /* NoOne7WireFrame.swift in Sources */,
				023231D1265D791300374676 /* NoOne27WireFrame.swift in Sources */,
				023230B4265D783100374676 /* NoOne10Protocols.swift in Sources */,
				0232319E265D78F100374676 /* NoOne24WireFrame.swift in Sources */,
				023230F9265D786800374676 /* NoOne14ViewController.swift in Sources */,
				023230DB265D785200374676 /* NoOne12WireFrame.swift in Sources */,
				023230A5265D782000374676 /* NoOne9Interactor.swift in Sources */,
				02323182265D78DD00374676 /* NoOne22WireFrame.swift in Sources */,
				02323180265D78DD00374676 /* NoOne22Protocols.swift in Sources */,
				02323191265D78E800374676 /* NoOne23Interactor.swift in Sources */,
				023230F5265D786800374676 /* NoOne14Protocols.swift in Sources */,
				023230E7265D785D00374676 /* NoOne13Protocols.swift in Sources */,
				02323201265D793A00374676 /* NoOne31WireFrame.swift in Sources */,
				0232303E265D77A200374676 /* NoOne2Presenter.swift in Sources */,
				0232313C265D789A00374676 /* NoOne18Interactor.swift in Sources */,
				02323184265D78DD00374676 /* NoOne22ViewController.swift in Sources */,
				02323202265D793A00374676 /* NoOne31Interactor.swift in Sources */,
				02323139265D789A00374676 /* NoOne18Protocols.swift in Sources */,
				02323079265D77F400374676 /* NoOne6Presenter.swift in Sources */,
				023231B1265D78FC00374676 /* NoOne25ViewController.swift in Sources */,
				023230DD265D785200374676 /* NoOne12ViewController.swift in Sources */,
				0232308A265D780500374676 /* NoOne7ViewController.swift in Sources */,
				0232307C265D77F400374676 /* NoOne6ViewController.swift in Sources */,
				02323097265D781300374676 /* NoOne8Interactor.swift in Sources */,
			);
			runOnlyForDeploymentPostprocessing = 0;
		};
		02322FFC265D775F00374676 /* Sources */ = {
			isa = PBXSourcesBuildPhase;
			buildActionMask = 2147483647;
			files = (
				02323005265D775F00374676 /* NoOneTests.swift in Sources */,
			);
			runOnlyForDeploymentPostprocessing = 0;
		};
		02323007265D775F00374676 /* Sources */ = {
			isa = PBXSourcesBuildPhase;
			buildActionMask = 2147483647;
			files = (
				02323010265D775F00374676 /* NoOneUITests.swift in Sources */,
			);
			runOnlyForDeploymentPostprocessing = 0;
		};
/* End PBXSourcesBuildPhase section */

/* Begin PBXTargetDependency section */
		02323002265D775F00374676 /* PBXTargetDependency */ = {
			isa = PBXTargetDependency;
			target = 02322FE9265D775E00374676 /* NoOne */;
			targetProxy = 02323001265D775F00374676 /* PBXContainerItemProxy */;
		};
		0232300D265D775F00374676 /* PBXTargetDependency */ = {
			isa = PBXTargetDependency;
			target = 02322FE9265D775E00374676 /* NoOne */;
			targetProxy = 0232300C265D775F00374676 /* PBXContainerItemProxy */;
		};
/* End PBXTargetDependency section */

/* Begin PBXVariantGroup section */
		02322FF3265D775E00374676 /* Main.storyboard */ = {
			isa = PBXVariantGroup;
			children = (
				02322FF4265D775E00374676 /* Base */,
			);
			name = Main.storyboard;
			sourceTree = "<group>";
		};
		02322FF8265D775F00374676 /* LaunchScreen.storyboard */ = {
			isa = PBXVariantGroup;
			children = (
				02322FF9265D775F00374676 /* Base */,
			);
			name = LaunchScreen.storyboard;
			sourceTree = "<group>";
		};
/* End PBXVariantGroup section */

/* Begin XCBuildConfiguration section */
		02323012265D775F00374676 /* Debug */ = {
			isa = XCBuildConfiguration;
			buildSettings = {
				ALWAYS_SEARCH_USER_PATHS = NO;
				CLANG_ANALYZER_NONNULL = YES;
				CLANG_ANALYZER_NUMBER_OBJECT_CONVERSION = YES_AGGRESSIVE;
				CLANG_CXX_LANGUAGE_STANDARD = "gnu++14";
				CLANG_CXX_LIBRARY = "libc++";
				CLANG_ENABLE_MODULES = YES;
				CLANG_ENABLE_OBJC_ARC = YES;
				CLANG_ENABLE_OBJC_WEAK = YES;
				CLANG_WARN_BLOCK_CAPTURE_AUTORELEASING = YES;
				CLANG_WARN_BOOL_CONVERSION = YES;
				CLANG_WARN_COMMA = YES;
				CLANG_WARN_CONSTANT_CONVERSION = YES;
				CLANG_WARN_DEPRECATED_OBJC_IMPLEMENTATIONS = YES;
				CLANG_WARN_DIRECT_OBJC_ISA_USAGE = YES_ERROR;
				CLANG_WARN_DOCUMENTATION_COMMENTS = YES;
				CLANG_WARN_EMPTY_BODY = YES;
				CLANG_WARN_ENUM_CONVERSION = YES;
				CLANG_WARN_INFINITE_RECURSION = YES;
				CLANG_WARN_INT_CONVERSION = YES;
				CLANG_WARN_NON_LITERAL_NULL_CONVERSION = YES;
				CLANG_WARN_OBJC_IMPLICIT_RETAIN_SELF = YES;
				CLANG_WARN_OBJC_LITERAL_CONVERSION = YES;
				CLANG_WARN_OBJC_ROOT_CLASS = YES_ERROR;
				CLANG_WARN_QUOTED_INCLUDE_IN_FRAMEWORK_HEADER = YES;
				CLANG_WARN_RANGE_LOOP_ANALYSIS = YES;
				CLANG_WARN_STRICT_PROTOTYPES = YES;
				CLANG_WARN_SUSPICIOUS_MOVE = YES;
				CLANG_WARN_UNGUARDED_AVAILABILITY = YES_AGGRESSIVE;
				CLANG_WARN_UNREACHABLE_CODE = YES;
				CLANG_WARN__DUPLICATE_METHOD_MATCH = YES;
				COPY_PHASE_STRIP = NO;
				DEBUG_INFORMATION_FORMAT = dwarf;
				ENABLE_STRICT_OBJC_MSGSEND = YES;
				ENABLE_TESTABILITY = YES;
				GCC_C_LANGUAGE_STANDARD = gnu11;
				GCC_DYNAMIC_NO_PIC = NO;
				GCC_NO_COMMON_BLOCKS = YES;
				GCC_OPTIMIZATION_LEVEL = 0;
				GCC_PREPROCESSOR_DEFINITIONS = (
					"DEBUG=1",
					"$(inherited)",
				);
				GCC_WARN_64_TO_32_BIT_CONVERSION = YES;
				GCC_WARN_ABOUT_RETURN_TYPE = YES_ERROR;
				GCC_WARN_UNDECLARED_SELECTOR = YES;
				GCC_WARN_UNINITIALIZED_AUTOS = YES_AGGRESSIVE;
				GCC_WARN_UNUSED_FUNCTION = YES;
				GCC_WARN_UNUSED_VARIABLE = YES;
				IPHONEOS_DEPLOYMENT_TARGET = 14.4;
				MTL_ENABLE_DEBUG_INFO = INCLUDE_SOURCE;
				MTL_FAST_MATH = YES;
				ONLY_ACTIVE_ARCH = YES;
				SDKROOT = iphoneos;
				SWIFT_ACTIVE_COMPILATION_CONDITIONS = DEBUG;
				SWIFT_OPTIMIZATION_LEVEL = "-Onone";
			};
			name = Debug;
		};
		02323013265D775F00374676 /* Release */ = {
			isa = XCBuildConfiguration;
			buildSettings = {
				ALWAYS_SEARCH_USER_PATHS = NO;
				CLANG_ANALYZER_NONNULL = YES;
				CLANG_ANALYZER_NUMBER_OBJECT_CONVERSION = YES_AGGRESSIVE;
				CLANG_CXX_LANGUAGE_STANDARD = "gnu++14";
				CLANG_CXX_LIBRARY = "libc++";
				CLANG_ENABLE_MODULES = YES;
				CLANG_ENABLE_OBJC_ARC = YES;
				CLANG_ENABLE_OBJC_WEAK = YES;
				CLANG_WARN_BLOCK_CAPTURE_AUTORELEASING = YES;
				CLANG_WARN_BOOL_CONVERSION = YES;
				CLANG_WARN_COMMA = YES;
				CLANG_WARN_CONSTANT_CONVERSION = YES;
				CLANG_WARN_DEPRECATED_OBJC_IMPLEMENTATIONS = YES;
				CLANG_WARN_DIRECT_OBJC_ISA_USAGE = YES_ERROR;
				CLANG_WARN_DOCUMENTATION_COMMENTS = YES;
				CLANG_WARN_EMPTY_BODY = YES;
				CLANG_WARN_ENUM_CONVERSION = YES;
				CLANG_WARN_INFINITE_RECURSION = YES;
				CLANG_WARN_INT_CONVERSION = YES;
				CLANG_WARN_NON_LITERAL_NULL_CONVERSION = YES;
				CLANG_WARN_OBJC_IMPLICIT_RETAIN_SELF = YES;
				CLANG_WARN_OBJC_LITERAL_CONVERSION = YES;
				CLANG_WARN_OBJC_ROOT_CLASS = YES_ERROR;
				CLANG_WARN_QUOTED_INCLUDE_IN_FRAMEWORK_HEADER = YES;
				CLANG_WARN_RANGE_LOOP_ANALYSIS = YES;
				CLANG_WARN_STRICT_PROTOTYPES = YES;
				CLANG_WARN_SUSPICIOUS_MOVE = YES;
				CLANG_WARN_UNGUARDED_AVAILABILITY = YES_AGGRESSIVE;
				CLANG_WARN_UNREACHABLE_CODE = YES;
				CLANG_WARN__DUPLICATE_METHOD_MATCH = YES;
				COPY_PHASE_STRIP = NO;
				DEBUG_INFORMATION_FORMAT = "dwarf-with-dsym";
				ENABLE_NS_ASSERTIONS = NO;
				ENABLE_STRICT_OBJC_MSGSEND = YES;
				GCC_C_LANGUAGE_STANDARD = gnu11;
				GCC_NO_COMMON_BLOCKS = YES;
				GCC_WARN_64_TO_32_BIT_CONVERSION = YES;
				GCC_WARN_ABOUT_RETURN_TYPE = YES_ERROR;
				GCC_WARN_UNDECLARED_SELECTOR = YES;
				GCC_WARN_UNINITIALIZED_AUTOS = YES_AGGRESSIVE;
				GCC_WARN_UNUSED_FUNCTION = YES;
				GCC_WARN_UNUSED_VARIABLE = YES;
				IPHONEOS_DEPLOYMENT_TARGET = 14.4;
				MTL_ENABLE_DEBUG_INFO = NO;
				MTL_FAST_MATH = YES;
				SDKROOT = iphoneos;
				SWIFT_COMPILATION_MODE = wholemodule;
				SWIFT_OPTIMIZATION_LEVEL = "-O";
				VALIDATE_PRODUCT = YES;
			};
			name = Release;
		};
		02323015265D775F00374676 /* Debug */ = {
			isa = XCBuildConfiguration;
			buildSettings = {
				ASSETCATALOG_COMPILER_APPICON_NAME = AppIcon;
				ASSETCATALOG_COMPILER_GLOBAL_ACCENT_COLOR_NAME = AccentColor;
				CODE_SIGN_STYLE = Automatic;
				DEVELOPMENT_TEAM = WQ4ZHX9Y56;
				INFOPLIST_FILE = NoOne/Info.plist;
				LD_RUNPATH_SEARCH_PATHS = (
					"$(inherited)",
					"@executable_path/Frameworks",
				);
				PRODUCT_BUNDLE_IDENTIFIER = com.YZ.NoOne;
				PRODUCT_NAME = "$(TARGET_NAME)";
				SWIFT_VERSION = 5.0;
				TARGETED_DEVICE_FAMILY = "1,2";
			};
			name = Debug;
		};
		02323016265D775F00374676 /* Release */ = {
			isa = XCBuildConfiguration;
			buildSettings = {
				ASSETCATALOG_COMPILER_APPICON_NAME = AppIcon;
				ASSETCATALOG_COMPILER_GLOBAL_ACCENT_COLOR_NAME = AccentColor;
				CODE_SIGN_STYLE = Automatic;
				DEVELOPMENT_TEAM = WQ4ZHX9Y56;
				INFOPLIST_FILE = NoOne/Info.plist;
				LD_RUNPATH_SEARCH_PATHS = (
					"$(inherited)",
					"@executable_path/Frameworks",
				);
				PRODUCT_BUNDLE_IDENTIFIER = com.YZ.NoOne;
				PRODUCT_NAME = "$(TARGET_NAME)";
				SWIFT_VERSION = 5.0;
				TARGETED_DEVICE_FAMILY = "1,2";
			};
			name = Release;
		};
		02323018265D775F00374676 /* Debug */ = {
			isa = XCBuildConfiguration;
			buildSettings = {
				ALWAYS_EMBED_SWIFT_STANDARD_LIBRARIES = YES;
				BUNDLE_LOADER = "$(TEST_HOST)";
				CODE_SIGN_STYLE = Automatic;
				DEVELOPMENT_TEAM = WQ4ZHX9Y56;
				INFOPLIST_FILE = NoOneTests/Info.plist;
				IPHONEOS_DEPLOYMENT_TARGET = 14.4;
				LD_RUNPATH_SEARCH_PATHS = (
					"$(inherited)",
					"@executable_path/Frameworks",
					"@loader_path/Frameworks",
				);
				PRODUCT_BUNDLE_IDENTIFIER = com.YZ.NoOneTests;
				PRODUCT_NAME = "$(TARGET_NAME)";
				SWIFT_VERSION = 5.0;
				TARGETED_DEVICE_FAMILY = "1,2";
				TEST_HOST = "$(BUILT_PRODUCTS_DIR)/NoOne.app/NoOne";
			};
			name = Debug;
		};
		02323019265D775F00374676 /* Release */ = {
			isa = XCBuildConfiguration;
			buildSettings = {
				ALWAYS_EMBED_SWIFT_STANDARD_LIBRARIES = YES;
				BUNDLE_LOADER = "$(TEST_HOST)";
				CODE_SIGN_STYLE = Automatic;
				DEVELOPMENT_TEAM = WQ4ZHX9Y56;
				INFOPLIST_FILE = NoOneTests/Info.plist;
				IPHONEOS_DEPLOYMENT_TARGET = 14.4;
				LD_RUNPATH_SEARCH_PATHS = (
					"$(inherited)",
					"@executable_path/Frameworks",
					"@loader_path/Frameworks",
				);
				PRODUCT_BUNDLE_IDENTIFIER = com.YZ.NoOneTests;
				PRODUCT_NAME = "$(TARGET_NAME)";
				SWIFT_VERSION = 5.0;
				TARGETED_DEVICE_FAMILY = "1,2";
				TEST_HOST = "$(BUILT_PRODUCTS_DIR)/NoOne.app/NoOne";
			};
			name = Release;
		};
		0232301B265D775F00374676 /* Debug */ = {
			isa = XCBuildConfiguration;
			buildSettings = {
				ALWAYS_EMBED_SWIFT_STANDARD_LIBRARIES = YES;
				CODE_SIGN_STYLE = Automatic;
				DEVELOPMENT_TEAM = WQ4ZHX9Y56;
				INFOPLIST_FILE = NoOneUITests/Info.plist;
				LD_RUNPATH_SEARCH_PATHS = (
					"$(inherited)",
					"@executable_path/Frameworks",
					"@loader_path/Frameworks",
				);
				PRODUCT_BUNDLE_IDENTIFIER = com.YZ.NoOneUITests;
				PRODUCT_NAME = "$(TARGET_NAME)";
				SWIFT_VERSION = 5.0;
				TARGETED_DEVICE_FAMILY = "1,2";
				TEST_TARGET_NAME = NoOne;
			};
			name = Debug;
		};
		0232301C265D775F00374676 /* Release */ = {
			isa = XCBuildConfiguration;
			buildSettings = {
				ALWAYS_EMBED_SWIFT_STANDARD_LIBRARIES = YES;
				CODE_SIGN_STYLE = Automatic;
				DEVELOPMENT_TEAM = WQ4ZHX9Y56;
				INFOPLIST_FILE = NoOneUITests/Info.plist;
				LD_RUNPATH_SEARCH_PATHS = (
					"$(inherited)",
					"@executable_path/Frameworks",
					"@loader_path/Frameworks",
				);
				PRODUCT_BUNDLE_IDENTIFIER = com.YZ.NoOneUITests;
				PRODUCT_NAME = "$(TARGET_NAME)";
				SWIFT_VERSION = 5.0;
				TARGETED_DEVICE_FAMILY = "1,2";
				TEST_TARGET_NAME = NoOne;
			};
			name = Release;
		};
/* End XCBuildConfiguration section */

/* Begin XCConfigurationList section */
		02322FE5265D775E00374676 /* Build configuration list for PBXProject "NoOne" */ = {
			isa = XCConfigurationList;
			buildConfigurations = (
				02323012265D775F00374676 /* Debug */,
				02323013265D775F00374676 /* Release */,
			);
			defaultConfigurationIsVisible = 0;
			defaultConfigurationName = Release;
		};
		02323014265D775F00374676 /* Build configuration list for PBXNativeTarget "NoOne" */ = {
			isa = XCConfigurationList;
			buildConfigurations = (
				02323015265D775F00374676 /* Debug */,
				02323016265D775F00374676 /* Release */,
			);
			defaultConfigurationIsVisible = 0;
			defaultConfigurationName = Release;
		};
		02323017265D775F00374676 /* Build configuration list for PBXNativeTarget "NoOneTests" */ = {
			isa = XCConfigurationList;
			buildConfigurations = (
				02323018265D775F00374676 /* Debug */,
				02323019265D775F00374676 /* Release */,
			);
			defaultConfigurationIsVisible = 0;
			defaultConfigurationName = Release;
		};
		0232301A265D775F00374676 /* Build configuration list for PBXNativeTarget "NoOneUITests" */ = {
			isa = XCConfigurationList;
			buildConfigurations = (
				0232301B265D775F00374676 /* Debug */,
				0232301C265D775F00374676 /* Release */,
			);
			defaultConfigurationIsVisible = 0;
			defaultConfigurationName = Release;
		};
/* End XCConfigurationList section */
	};
	rootObject = 02322FE2265D775E00374676 /* Project object */;
}
